// !$*UTF8*$!
{
	archiveVersion = 1;
	classes = {
	};
	objectVersion = 51;
	objects = {

/* Begin PBXBuildFile section */
		381339D14752149C5B574D26 /* Pods_Dual_DualUITests.framework in Frameworks */ = {isa = PBXBuildFile; fileRef = 1992E2E581F03A7710711D46 /* Pods_Dual_DualUITests.framework */; };
		453E385C8625A0804FC03DE2 /* Pods_DualTests.framework in Frameworks */ = {isa = PBXBuildFile; fileRef = D127BB79FF4D463C23E39112 /* Pods_DualTests.framework */; };
		6A108DA0253C1A6A008996C3 /* EditVideoVC.swift in Sources */ = {isa = PBXBuildFile; fileRef = 6A108D9F253C1A6A008996C3 /* EditVideoVC.swift */; };
		6A108DE7253D241A008996C3 /* VideoSettingVC.swift in Sources */ = {isa = PBXBuildFile; fileRef = 6A108DE6253D2419008996C3 /* VideoSettingVC.swift */; };
		6A108DF0253D2EDB008996C3 /* VideoInformationVC.swift in Sources */ = {isa = PBXBuildFile; fileRef = 6A108DEF253D2EDB008996C3 /* VideoInformationVC.swift */; };
		6A115F5225373C2600A5BACA /* ProfileVC.swift in Sources */ = {isa = PBXBuildFile; fileRef = 6A115F5125373C2600A5BACA /* ProfileVC.swift */; };
		6A1187B32532143F00494E0C /* MainAPIClient.swift in Sources */ = {isa = PBXBuildFile; fileRef = 6A1187B22532143F00494E0C /* MainAPIClient.swift */; };
		6A1187E92534A2BF00494E0C /* DispatchQueue+Extensions.swift in Sources */ = {isa = PBXBuildFile; fileRef = 6A1187E82534A2BF00494E0C /* DispatchQueue+Extensions.swift */; };
		6A17CF10255789E400A5C40E /* EmailVerificationVC.swift in Sources */ = {isa = PBXBuildFile; fileRef = 6A17CF0F255789E400A5C40E /* EmailVerificationVC.swift */; };
		6A1A57CF253FD3D70037AEE0 /* FeedVC.swift in Sources */ = {isa = PBXBuildFile; fileRef = 6A1A57CE253FD3D70037AEE0 /* FeedVC.swift */; };
		6A20DC67251ADC1600E89BAE /* GoogleService-Info.plist in Resources */ = {isa = PBXBuildFile; fileRef = 6A20DC66251ADC1600E89BAE /* GoogleService-Info.plist */; };
		6A30582C25466D4E0096BA1F /* PlayView.xib in Resources */ = {isa = PBXBuildFile; fileRef = 6A30582B25466D4E0096BA1F /* PlayView.xib */; };
		6A30583125466DA40096BA1F /* PlayView.swift in Sources */ = {isa = PBXBuildFile; fileRef = 6A30583025466DA40096BA1F /* PlayView.swift */; };
		6A305837254713C80096BA1F /* LoginView.xib in Resources */ = {isa = PBXBuildFile; fileRef = 6A305836254713C80096BA1F /* LoginView.xib */; };
		6A30583C254713D50096BA1F /* LoginView.swift in Sources */ = {isa = PBXBuildFile; fileRef = 6A30583B254713D50096BA1F /* LoginView.swift */; };
		6A305842254731AC0096BA1F /* LoginVC.swift in Sources */ = {isa = PBXBuildFile; fileRef = 6A305841254731AC0096BA1F /* LoginVC.swift */; };
		6A30584E254785330096BA1F /* NormalLoginVC.swift in Sources */ = {isa = PBXBuildFile; fileRef = 6A30584D254785320096BA1F /* NormalLoginVC.swift */; };
		6A30585B254790360096BA1F /* PhoneView.xib in Resources */ = {isa = PBXBuildFile; fileRef = 6A30585A254790360096BA1F /* PhoneView.xib */; };
		6A3058602547904A0096BA1F /* PhoneView.swift in Sources */ = {isa = PBXBuildFile; fileRef = 6A30585F2547904A0096BA1F /* PhoneView.swift */; };
		6A3DEB7F25967EA1003E9148 /* Session+TypeAlias.swift in Sources */ = {isa = PBXBuildFile; fileRef = 6A3DEB7E25967EA1003E9148 /* Session+TypeAlias.swift */; };
		6A4077CF252959C20063F378 /* InterestedModel.swift in Sources */ = {isa = PBXBuildFile; fileRef = 6A4077CE252959C20063F378 /* InterestedModel.swift */; };
		6A4077D825295E660063F378 /* InterestedCell.swift in Sources */ = {isa = PBXBuildFile; fileRef = 6A4077D725295E660063F378 /* InterestedCell.swift */; };
		6A40786D252A5F6A0063F378 /* Constant.swift in Sources */ = {isa = PBXBuildFile; fileRef = 6A40786C252A5F6A0063F378 /* Constant.swift */; };
		6A411B7625BCDF1D00364F15 /* FollowerVC.swift in Sources */ = {isa = PBXBuildFile; fileRef = 6A411B7525BCDF1D00364F15 /* FollowerVC.swift */; };
		6A47DE4725A19C680091D878 /* PresentationController.swift in Sources */ = {isa = PBXBuildFile; fileRef = 6A47DE4625A19C680091D878 /* PresentationController.swift */; };
		6A47DE5425A1A2DC0091D878 /* CommentVC.xib in Resources */ = {isa = PBXBuildFile; fileRef = 6A47DE5325A1A2DC0091D878 /* CommentVC.xib */; };
		6A52E33425CCF87000FFB4BB /* MessageVC.swift in Sources */ = {isa = PBXBuildFile; fileRef = 6A52E33325CCF87000FFB4BB /* MessageVC.swift */; };
		6A6082E52547AB2500E1A4B5 /* userNameView.xib in Resources */ = {isa = PBXBuildFile; fileRef = 6A6082E42547AB2500E1A4B5 /* userNameView.xib */; };
		6A6082EA2547AB4100E1A4B5 /* userNameView.swift in Sources */ = {isa = PBXBuildFile; fileRef = 6A6082E92547AB4100E1A4B5 /* userNameView.swift */; };
		6A6082F32547E67700E1A4B5 /* PhoneBookModel.swift in Sources */ = {isa = PBXBuildFile; fileRef = 6A6082F22547E67700E1A4B5 /* PhoneBookModel.swift */; };
		6A6082FC2547F60900E1A4B5 /* ChallengeVC.swift in Sources */ = {isa = PBXBuildFile; fileRef = 6A6082FB2547F60900E1A4B5 /* ChallengeVC.swift */; };
		6A608487254905D100E1A4B5 /* PhoneVerficationVC.swift in Sources */ = {isa = PBXBuildFile; fileRef = 6A608486254905D100E1A4B5 /* PhoneVerficationVC.swift */; };
		6A6084992549078F00E1A4B5 /* verificationView.xib in Resources */ = {isa = PBXBuildFile; fileRef = 6A6084982549078F00E1A4B5 /* verificationView.xib */; };
		6A60849E254907A600E1A4B5 /* verificationView.swift in Sources */ = {isa = PBXBuildFile; fileRef = 6A60849D254907A600E1A4B5 /* verificationView.swift */; };
		6A6084A42549518600E1A4B5 /* DetailInfoVC.swift in Sources */ = {isa = PBXBuildFile; fileRef = 6A6084A32549518600E1A4B5 /* DetailInfoVC.swift */; };
		6A6084B52549CA6900E1A4B5 /* DetailInfo.xib in Resources */ = {isa = PBXBuildFile; fileRef = 6A6084B42549CA6900E1A4B5 /* DetailInfo.xib */; };
		6A6084C02549CD3600E1A4B5 /* DetailInfo.swift in Sources */ = {isa = PBXBuildFile; fileRef = 6A6084BF2549CD3600E1A4B5 /* DetailInfo.swift */; };
		6A6084C62549E7D900E1A4B5 /* usernamePwdView.swift in Sources */ = {isa = PBXBuildFile; fileRef = 6A6084C52549E7D900E1A4B5 /* usernamePwdView.swift */; };
		6A6084CE2549E7E900E1A4B5 /* usernamePwdView.xib in Resources */ = {isa = PBXBuildFile; fileRef = 6A6084CD2549E7E900E1A4B5 /* usernamePwdView.xib */; };
		6A6084D52549ED2300E1A4B5 /* FinalInfoVC.swift in Sources */ = {isa = PBXBuildFile; fileRef = 6A6084D42549ED2300E1A4B5 /* FinalInfoVC.swift */; };
		6A61DF0E2538AF050029399F /* HighlightsModel.swift in Sources */ = {isa = PBXBuildFile; fileRef = 6A61DF0D2538AF050029399F /* HighlightsModel.swift */; };
		6A6374FD2518E16C0019A984 /* AppDelegate.swift in Sources */ = {isa = PBXBuildFile; fileRef = 6A6374FC2518E16C0019A984 /* AppDelegate.swift */; };
		6A6374FF2518E16C0019A984 /* SceneDelegate.swift in Sources */ = {isa = PBXBuildFile; fileRef = 6A6374FE2518E16C0019A984 /* SceneDelegate.swift */; };
		6A6375042518E16C0019A984 /* Main.storyboard in Resources */ = {isa = PBXBuildFile; fileRef = 6A6375022518E16C0019A984 /* Main.storyboard */; };
		6A6375062518E16D0019A984 /* Assets.xcassets in Resources */ = {isa = PBXBuildFile; fileRef = 6A6375052518E16D0019A984 /* Assets.xcassets */; };
		6A6375092518E16E0019A984 /* LaunchScreen.storyboard in Resources */ = {isa = PBXBuildFile; fileRef = 6A6375072518E16D0019A984 /* LaunchScreen.storyboard */; };
		6A6375142518E16E0019A984 /* DualTests.swift in Sources */ = {isa = PBXBuildFile; fileRef = 6A6375132518E16E0019A984 /* DualTests.swift */; };
		6A63751F2518E16E0019A984 /* DualUITests.swift in Sources */ = {isa = PBXBuildFile; fileRef = 6A63751E2518E16E0019A984 /* DualUITests.swift */; };
		6A6548A525B3720800021B34 /* ReportVC.swift in Sources */ = {isa = PBXBuildFile; fileRef = 6A6548A425B3720800021B34 /* ReportVC.swift */; };
		6A6548AC25B3795A00021B34 /* reportView.swift in Sources */ = {isa = PBXBuildFile; fileRef = 6A6548AA25B3795A00021B34 /* reportView.swift */; };
		6A6548AD25B3795A00021B34 /* reportView.xib in Resources */ = {isa = PBXBuildFile; fileRef = 6A6548AB25B3795A00021B34 /* reportView.xib */; };
		6A6548BB25B3BEC400021B34 /* reportCell.swift in Sources */ = {isa = PBXBuildFile; fileRef = 6A6548B925B3BEC400021B34 /* reportCell.swift */; };
		6A6548BC25B3BEC400021B34 /* reportCell.xib in Resources */ = {isa = PBXBuildFile; fileRef = 6A6548BA25B3BEC400021B34 /* reportCell.xib */; };
		6A6D422625732F6900C234FD /* userHighlightsCollectionCell.swift in Sources */ = {isa = PBXBuildFile; fileRef = 6A6D422425732F6900C234FD /* userHighlightsCollectionCell.swift */; };
		6A6D422725732F6900C234FD /* userHighlightsCollectionCell.xib in Resources */ = {isa = PBXBuildFile; fileRef = 6A6D422525732F6900C234FD /* userHighlightsCollectionCell.xib */; };
		6A76905F25202401009BFC21 /* fancyBtn.swift in Sources */ = {isa = PBXBuildFile; fileRef = 6A769051252023FF009BFC21 /* fancyBtn.swift */; };
		6A76906025202401009BFC21 /* avatarImgRendered.swift in Sources */ = {isa = PBXBuildFile; fileRef = 6A769052252023FF009BFC21 /* avatarImgRendered.swift */; };
		6A76906125202401009BFC21 /* Color.swift in Sources */ = {isa = PBXBuildFile; fileRef = 6A769053252023FF009BFC21 /* Color.swift */; };
		6A76906225202402009BFC21 /* RoundedView.swift in Sources */ = {isa = PBXBuildFile; fileRef = 6A76905425202400009BFC21 /* RoundedView.swift */; };
		6A76906325202402009BFC21 /* ModifiedSearchBar.swift in Sources */ = {isa = PBXBuildFile; fileRef = 6A76905525202400009BFC21 /* ModifiedSearchBar.swift */; };
		6A76906425202402009BFC21 /* circleView.swift in Sources */ = {isa = PBXBuildFile; fileRef = 6A76905625202400009BFC21 /* circleView.swift */; };
		6A76906525202402009BFC21 /* RoundedLabel.swift in Sources */ = {isa = PBXBuildFile; fileRef = 6A76905725202400009BFC21 /* RoundedLabel.swift */; };
		6A76906625202402009BFC21 /* borderAvatarView.swift in Sources */ = {isa = PBXBuildFile; fileRef = 6A76905825202400009BFC21 /* borderAvatarView.swift */; };
		6A76906725202402009BFC21 /* modTxtField.swift in Sources */ = {isa = PBXBuildFile; fileRef = 6A76905925202401009BFC21 /* modTxtField.swift */; };
		6A76906825202402009BFC21 /* CommentTxtView.swift in Sources */ = {isa = PBXBuildFile; fileRef = 6A76905A25202401009BFC21 /* CommentTxtView.swift */; };
		6A76906925202402009BFC21 /* CustomLabel.swift in Sources */ = {isa = PBXBuildFile; fileRef = 6A76905B25202401009BFC21 /* CustomLabel.swift */; };
		6A76906A25202402009BFC21 /* loginCardView.swift in Sources */ = {isa = PBXBuildFile; fileRef = 6A76905C25202401009BFC21 /* loginCardView.swift */; };
		6A76906B25202402009BFC21 /* modifiedChooseCarView.swift in Sources */ = {isa = PBXBuildFile; fileRef = 6A76905D25202401009BFC21 /* modifiedChooseCarView.swift */; };
		6A76906C25202402009BFC21 /* ProfileView.swift in Sources */ = {isa = PBXBuildFile; fileRef = 6A76905E25202401009BFC21 /* ProfileView.swift */; };
		6A797BBE2529565500EB64D3 /* DataService.swift in Sources */ = {isa = PBXBuildFile; fileRef = 6A797BBD2529565500EB64D3 /* DataService.swift */; };
		6A797BC5252958A600EB64D3 /* InterestedVC.swift in Sources */ = {isa = PBXBuildFile; fileRef = 6A797BC4252958A600EB64D3 /* InterestedVC.swift */; };
		6A806134259FE043003299FC /* CommentVC.swift in Sources */ = {isa = PBXBuildFile; fileRef = 6A806133259FE043003299FC /* CommentVC.swift */; };
		6A85F09E2568F86500A1FECB /* UIColor+Utils.swift in Sources */ = {isa = PBXBuildFile; fileRef = 6A85F09D2568F86500A1FECB /* UIColor+Utils.swift */; };
		6A85F0A4256934AD00A1FECB /* ChallengeModel.swift in Sources */ = {isa = PBXBuildFile; fileRef = 6A85F0A3256934AD00A1FECB /* ChallengeModel.swift */; };
		6A85F0B42569385600A1FECB /* PendingTableViewCell.swift in Sources */ = {isa = PBXBuildFile; fileRef = 6A85F0B22569385600A1FECB /* PendingTableViewCell.swift */; };
		6A85F0C42569FB4000A1FECB /* ActiveTableViewCell.swift in Sources */ = {isa = PBXBuildFile; fileRef = 6A85F0C32569FB4000A1FECB /* ActiveTableViewCell.swift */; };
		6A85F0C92569FB5300A1FECB /* ExpireTableViewCell.swift in Sources */ = {isa = PBXBuildFile; fileRef = 6A85F0C82569FB5300A1FECB /* ExpireTableViewCell.swift */; };
		6A92316A256DE29300B8839C /* UserProfileVC.swift in Sources */ = {isa = PBXBuildFile; fileRef = 6A923169256DE29300B8839C /* UserProfileVC.swift */; };
		6A92A52625A3CCFB00D64A98 /* CommentModel.swift in Sources */ = {isa = PBXBuildFile; fileRef = 6A92A52525A3CCFB00D64A98 /* CommentModel.swift */; };
		6A92A5DA25A42A9900D64A98 /* CommentView.swift in Sources */ = {isa = PBXBuildFile; fileRef = 6A92A5D925A42A9900D64A98 /* CommentView.swift */; };
		6A92A5E225A42AE700D64A98 /* CommentView.xib in Resources */ = {isa = PBXBuildFile; fileRef = 6A92A5E125A42AE700D64A98 /* CommentView.xib */; };
		6A92A5EA25A4376E00D64A98 /* CommentNode.swift in Sources */ = {isa = PBXBuildFile; fileRef = 6A92A5E925A4376E00D64A98 /* CommentNode.swift */; };
		6A98EC5D25671BC4002717ED /* ChallengesView.swift in Sources */ = {isa = PBXBuildFile; fileRef = 6A98EC5C25671BC4002717ED /* ChallengesView.swift */; };
		6A98EC6225671BFC002717ED /* ChallengesView.xib in Resources */ = {isa = PBXBuildFile; fileRef = 6A98EC6125671BFC002717ED /* ChallengesView.xib */; };
		6A98EC6725672344002717ED /* Shadow.swift in Sources */ = {isa = PBXBuildFile; fileRef = 6A98EC6625672344002717ED /* Shadow.swift */; };
		6A9AB37925748CDE00ACD29F /* EmailChangeVC.swift in Sources */ = {isa = PBXBuildFile; fileRef = 6A9AB37825748CDE00ACD29F /* EmailChangeVC.swift */; };
		6A9C4E1825982B3400B8D719 /* UserHighlightFeedVC.swift in Sources */ = {isa = PBXBuildFile; fileRef = 6A9C4E1725982B3400B8D719 /* UserHighlightFeedVC.swift */; };
		6AB7354125433D16006EBBFA /* PostNode.swift in Sources */ = {isa = PBXBuildFile; fileRef = 6AB7354025433D16006EBBFA /* PostNode.swift */; };
		6ABD0A412544BC05004CD9D5 /* DetailView.swift in Sources */ = {isa = PBXBuildFile; fileRef = 6ABD0A402544BC05004CD9D5 /* DetailView.swift */; };
		6ABD0A492544BD26004CD9D5 /* DetailView.xib in Resources */ = {isa = PBXBuildFile; fileRef = 6ABD0A482544BD26004CD9D5 /* DetailView.xib */; };
		6ABD0A862544E76B004CD9D5 /* GradientNode.m in Sources */ = {isa = PBXBuildFile; fileRef = 6ABD0A852544E76B004CD9D5 /* GradientNode.m */; };
		6ABD0A8B2544EC6F004CD9D5 /* ChallengeView.swift in Sources */ = {isa = PBXBuildFile; fileRef = 6ABD0A8A2544EC6F004CD9D5 /* ChallengeView.swift */; };
		6ABD0A902544EC7E004CD9D5 /* ChallengeView.xib in Resources */ = {isa = PBXBuildFile; fileRef = 6ABD0A8F2544EC7E004CD9D5 /* ChallengeView.xib */; };
		6ABDB0A025B3645700C12C97 /* CWRateKitHapticMoments.swift in Sources */ = {isa = PBXBuildFile; fileRef = 6ABDB09C25B3644600C12C97 /* CWRateKitHapticMoments.swift */; };
		6ABDB0A125B3645700C12C97 /* CWRateKitAnimationType.swift in Sources */ = {isa = PBXBuildFile; fileRef = 6ABDB09D25B3644900C12C97 /* CWRateKitAnimationType.swift */; };
		6ABDB0A225B3645700C12C97 /* CWRateKitViewController.swift in Sources */ = {isa = PBXBuildFile; fileRef = 6ABDB09E25B3645300C12C97 /* CWRateKitViewController.swift */; };
		6ABDB0A325B3645700C12C97 /* CWRateKitViewControllerDelegate.swift in Sources */ = {isa = PBXBuildFile; fileRef = 6ABDB09F25B3645700C12C97 /* CWRateKitViewControllerDelegate.swift */; };
		6ABF1DCB252CBEAD00D15D27 /* SwiftLoader.swift in Sources */ = {isa = PBXBuildFile; fileRef = 6ABF1DCA252CBEAC00D15D27 /* SwiftLoader.swift */; };
		6ABF1DD5252CECFF00D15D27 /* HomePageVC.swift in Sources */ = {isa = PBXBuildFile; fileRef = 6ABF1DD4252CECFF00D15D27 /* HomePageVC.swift */; };
		6AC6F7902550E9620065AD8F /* SettingVC.swift in Sources */ = {isa = PBXBuildFile; fileRef = 6AC6F78F2550E9620065AD8F /* SettingVC.swift */; };
		6AC6F7CB2550EB050065AD8F /* SettingCell.swift in Sources */ = {isa = PBXBuildFile; fileRef = 6AC6F7CA2550EB050065AD8F /* SettingCell.swift */; };
		6AC6F8052551AE240065AD8F /* EditProfileVC.swift in Sources */ = {isa = PBXBuildFile; fileRef = 6AC6F8042551AE240065AD8F /* EditProfileVC.swift */; };
		6AC6F80E2551AFB70065AD8F /* EditProfileCell.swift in Sources */ = {isa = PBXBuildFile; fileRef = 6AC6F80D2551AFB70065AD8F /* EditProfileCell.swift */; };
		6AC6F8172551B43B0065AD8F /* GeneralInfomationVC.swift in Sources */ = {isa = PBXBuildFile; fileRef = 6AC6F8162551B43B0065AD8F /* GeneralInfomationVC.swift */; };
		6AC6F82025520F940065AD8F /* PasswordVC.swift in Sources */ = {isa = PBXBuildFile; fileRef = 6AC6F81F25520F940065AD8F /* PasswordVC.swift */; };
		6AC6F829255243740065AD8F /* PhoneChangeVC.swift in Sources */ = {isa = PBXBuildFile; fileRef = 6AC6F828255243740065AD8F /* PhoneChangeVC.swift */; };
		6AC6F83225524EFE0065AD8F /* PhoneVerificationChangeVC.swift in Sources */ = {isa = PBXBuildFile; fileRef = 6AC6F83125524EFE0065AD8F /* PhoneVerificationChangeVC.swift */; };
		6ACF220C25392D2B00B17D25 /* HighlightCollectionCell.swift in Sources */ = {isa = PBXBuildFile; fileRef = 6ACF220A25392D2B00B17D25 /* HighlightCollectionCell.swift */; };
		6ACF220D25392D2B00B17D25 /* HighlightsCollectionCell.xib in Resources */ = {isa = PBXBuildFile; fileRef = 6ACF220B25392D2B00B17D25 /* HighlightsCollectionCell.xib */; };
		6AD570BE2541535D004AC4D1 /* FeedCategoryCell.swift in Sources */ = {isa = PBXBuildFile; fileRef = 6AD570BD2541535D004AC4D1 /* FeedCategoryCell.swift */; };
		6AD7CEAE252E67A900E326F0 /* AddVC.swift in Sources */ = {isa = PBXBuildFile; fileRef = 6AD7CEAD252E67A900E326F0 /* AddVC.swift */; };
		6AD7CEB8252E692500E326F0 /* AddModel.swift in Sources */ = {isa = PBXBuildFile; fileRef = 6AD7CEB7252E692500E326F0 /* AddModel.swift */; };
		6AD7CEC0252E693D00E326F0 /* AddCell.swift in Sources */ = {isa = PBXBuildFile; fileRef = 6AD7CEBF252E693D00E326F0 /* AddCell.swift */; };
		6AD7CEC6252E93D700E326F0 /* HighlightVC.swift in Sources */ = {isa = PBXBuildFile; fileRef = 6AD7CEC5252E93D700E326F0 /* HighlightVC.swift */; };
		6AD84C352542080D001C3AA2 /* CategoryModel.swift in Sources */ = {isa = PBXBuildFile; fileRef = 6AD84C342542080D001C3AA2 /* CategoryModel.swift */; };
		6ADC17A4256DC4E90082B093 /* ViewAllChallengeVC.swift in Sources */ = {isa = PBXBuildFile; fileRef = 6ADC17A3256DC4E90082B093 /* ViewAllChallengeVC.swift */; };
		6ADC17AD256DD7DC0082B093 /* AllChallengeCell.swift in Sources */ = {isa = PBXBuildFile; fileRef = 6ADC17AC256DD7DC0082B093 /* AllChallengeCell.swift */; };
		E3A563CFC8B32B34BBEF2DF5 /* Pods_Dual.framework in Frameworks */ = {isa = PBXBuildFile; fileRef = 0F1F7B52F31F49EEE94780B2 /* Pods_Dual.framework */; };
/* End PBXBuildFile section */

/* Begin PBXContainerItemProxy section */
		6A6375102518E16E0019A984 /* PBXContainerItemProxy */ = {
			isa = PBXContainerItemProxy;
			containerPortal = 6A6374F12518E16C0019A984 /* Project object */;
			proxyType = 1;
			remoteGlobalIDString = 6A6374F82518E16C0019A984;
			remoteInfo = Dual;
		};
		6A63751B2518E16E0019A984 /* PBXContainerItemProxy */ = {
			isa = PBXContainerItemProxy;
			containerPortal = 6A6374F12518E16C0019A984 /* Project object */;
			proxyType = 1;
			remoteGlobalIDString = 6A6374F82518E16C0019A984;
			remoteInfo = Dual;
		};
/* End PBXContainerItemProxy section */

/* Begin PBXFileReference section */
		02FC309F575B641CA95A31E9 /* Pods-DualTests.debug.xcconfig */ = {isa = PBXFileReference; includeInIndex = 1; lastKnownFileType = text.xcconfig; name = "Pods-DualTests.debug.xcconfig"; path = "Target Support Files/Pods-DualTests/Pods-DualTests.debug.xcconfig"; sourceTree = "<group>"; };
		0F1F7B52F31F49EEE94780B2 /* Pods_Dual.framework */ = {isa = PBXFileReference; explicitFileType = wrapper.framework; includeInIndex = 0; path = Pods_Dual.framework; sourceTree = BUILT_PRODUCTS_DIR; };
		0F9F5A47AC31A5753D688497 /* Pods-Dual.debug.xcconfig */ = {isa = PBXFileReference; includeInIndex = 1; lastKnownFileType = text.xcconfig; name = "Pods-Dual.debug.xcconfig"; path = "Target Support Files/Pods-Dual/Pods-Dual.debug.xcconfig"; sourceTree = "<group>"; };
		1992E2E581F03A7710711D46 /* Pods_Dual_DualUITests.framework */ = {isa = PBXFileReference; explicitFileType = wrapper.framework; includeInIndex = 0; path = Pods_Dual_DualUITests.framework; sourceTree = BUILT_PRODUCTS_DIR; };
		6A108D9F253C1A6A008996C3 /* EditVideoVC.swift */ = {isa = PBXFileReference; lastKnownFileType = sourcecode.swift; path = EditVideoVC.swift; sourceTree = "<group>"; };
		6A108DE6253D2419008996C3 /* VideoSettingVC.swift */ = {isa = PBXFileReference; lastKnownFileType = sourcecode.swift; path = VideoSettingVC.swift; sourceTree = "<group>"; };
		6A108DEF253D2EDB008996C3 /* VideoInformationVC.swift */ = {isa = PBXFileReference; lastKnownFileType = sourcecode.swift; path = VideoInformationVC.swift; sourceTree = "<group>"; };
		6A115F5125373C2600A5BACA /* ProfileVC.swift */ = {isa = PBXFileReference; lastKnownFileType = sourcecode.swift; path = ProfileVC.swift; sourceTree = "<group>"; };
		6A1187B22532143F00494E0C /* MainAPIClient.swift */ = {isa = PBXFileReference; fileEncoding = 4; lastKnownFileType = sourcecode.swift; path = MainAPIClient.swift; sourceTree = "<group>"; };
		6A1187E82534A2BF00494E0C /* DispatchQueue+Extensions.swift */ = {isa = PBXFileReference; lastKnownFileType = sourcecode.swift; path = "DispatchQueue+Extensions.swift"; sourceTree = "<group>"; };
		6A17CF0F255789E400A5C40E /* EmailVerificationVC.swift */ = {isa = PBXFileReference; lastKnownFileType = sourcecode.swift; path = EmailVerificationVC.swift; sourceTree = "<group>"; };
		6A1A57CE253FD3D70037AEE0 /* FeedVC.swift */ = {isa = PBXFileReference; lastKnownFileType = sourcecode.swift; path = FeedVC.swift; sourceTree = "<group>"; };
		6A20DC66251ADC1600E89BAE /* GoogleService-Info.plist */ = {isa = PBXFileReference; fileEncoding = 4; lastKnownFileType = text.plist.xml; path = "GoogleService-Info.plist"; sourceTree = "<group>"; };
		6A30582B25466D4E0096BA1F /* PlayView.xib */ = {isa = PBXFileReference; lastKnownFileType = file.xib; path = PlayView.xib; sourceTree = "<group>"; };
		6A30583025466DA40096BA1F /* PlayView.swift */ = {isa = PBXFileReference; lastKnownFileType = sourcecode.swift; path = PlayView.swift; sourceTree = "<group>"; };
		6A305836254713C80096BA1F /* LoginView.xib */ = {isa = PBXFileReference; lastKnownFileType = file.xib; path = LoginView.xib; sourceTree = "<group>"; };
		6A30583B254713D50096BA1F /* LoginView.swift */ = {isa = PBXFileReference; lastKnownFileType = sourcecode.swift; path = LoginView.swift; sourceTree = "<group>"; };
		6A305841254731AC0096BA1F /* LoginVC.swift */ = {isa = PBXFileReference; lastKnownFileType = sourcecode.swift; path = LoginVC.swift; sourceTree = "<group>"; };
		6A30584D254785320096BA1F /* NormalLoginVC.swift */ = {isa = PBXFileReference; lastKnownFileType = sourcecode.swift; path = NormalLoginVC.swift; sourceTree = "<group>"; };
		6A30585A254790360096BA1F /* PhoneView.xib */ = {isa = PBXFileReference; lastKnownFileType = file.xib; path = PhoneView.xib; sourceTree = "<group>"; };
		6A30585F2547904A0096BA1F /* PhoneView.swift */ = {isa = PBXFileReference; lastKnownFileType = sourcecode.swift; path = PhoneView.swift; sourceTree = "<group>"; };
		6A3DEB7E25967EA1003E9148 /* Session+TypeAlias.swift */ = {isa = PBXFileReference; lastKnownFileType = sourcecode.swift; path = "Session+TypeAlias.swift"; sourceTree = "<group>"; };
		6A4077CE252959C20063F378 /* InterestedModel.swift */ = {isa = PBXFileReference; lastKnownFileType = sourcecode.swift; path = InterestedModel.swift; sourceTree = "<group>"; };
		6A4077D725295E660063F378 /* InterestedCell.swift */ = {isa = PBXFileReference; lastKnownFileType = sourcecode.swift; path = InterestedCell.swift; sourceTree = "<group>"; };
		6A40786C252A5F6A0063F378 /* Constant.swift */ = {isa = PBXFileReference; lastKnownFileType = sourcecode.swift; path = Constant.swift; sourceTree = "<group>"; };
		6A411B7525BCDF1D00364F15 /* FollowerVC.swift */ = {isa = PBXFileReference; lastKnownFileType = sourcecode.swift; path = FollowerVC.swift; sourceTree = "<group>"; };
		6A47DE4625A19C680091D878 /* PresentationController.swift */ = {isa = PBXFileReference; lastKnownFileType = sourcecode.swift; path = PresentationController.swift; sourceTree = "<group>"; };
		6A47DE5325A1A2DC0091D878 /* CommentVC.xib */ = {isa = PBXFileReference; lastKnownFileType = file.xib; path = CommentVC.xib; sourceTree = "<group>"; };
		6A52E33325CCF87000FFB4BB /* MessageVC.swift */ = {isa = PBXFileReference; lastKnownFileType = sourcecode.swift; path = MessageVC.swift; sourceTree = "<group>"; };
		6A6082E42547AB2500E1A4B5 /* userNameView.xib */ = {isa = PBXFileReference; lastKnownFileType = file.xib; path = userNameView.xib; sourceTree = "<group>"; };
		6A6082E92547AB4100E1A4B5 /* userNameView.swift */ = {isa = PBXFileReference; lastKnownFileType = sourcecode.swift; path = userNameView.swift; sourceTree = "<group>"; };
		6A6082F22547E67700E1A4B5 /* PhoneBookModel.swift */ = {isa = PBXFileReference; lastKnownFileType = sourcecode.swift; path = PhoneBookModel.swift; sourceTree = "<group>"; };
		6A6082FB2547F60900E1A4B5 /* ChallengeVC.swift */ = {isa = PBXFileReference; lastKnownFileType = sourcecode.swift; path = ChallengeVC.swift; sourceTree = "<group>"; };
		6A608486254905D100E1A4B5 /* PhoneVerficationVC.swift */ = {isa = PBXFileReference; lastKnownFileType = sourcecode.swift; path = PhoneVerficationVC.swift; sourceTree = "<group>"; };
		6A6084982549078F00E1A4B5 /* verificationView.xib */ = {isa = PBXFileReference; lastKnownFileType = file.xib; path = verificationView.xib; sourceTree = "<group>"; };
		6A60849D254907A600E1A4B5 /* verificationView.swift */ = {isa = PBXFileReference; lastKnownFileType = sourcecode.swift; path = verificationView.swift; sourceTree = "<group>"; };
		6A6084A32549518600E1A4B5 /* DetailInfoVC.swift */ = {isa = PBXFileReference; lastKnownFileType = sourcecode.swift; path = DetailInfoVC.swift; sourceTree = "<group>"; };
		6A6084B42549CA6900E1A4B5 /* DetailInfo.xib */ = {isa = PBXFileReference; lastKnownFileType = file.xib; path = DetailInfo.xib; sourceTree = "<group>"; };
		6A6084BF2549CD3600E1A4B5 /* DetailInfo.swift */ = {isa = PBXFileReference; lastKnownFileType = sourcecode.swift; path = DetailInfo.swift; sourceTree = "<group>"; };
		6A6084C52549E7D900E1A4B5 /* usernamePwdView.swift */ = {isa = PBXFileReference; lastKnownFileType = sourcecode.swift; path = usernamePwdView.swift; sourceTree = "<group>"; };
		6A6084CD2549E7E900E1A4B5 /* usernamePwdView.xib */ = {isa = PBXFileReference; lastKnownFileType = file.xib; path = usernamePwdView.xib; sourceTree = "<group>"; };
		6A6084D42549ED2300E1A4B5 /* FinalInfoVC.swift */ = {isa = PBXFileReference; lastKnownFileType = sourcecode.swift; path = FinalInfoVC.swift; sourceTree = "<group>"; };
		6A61DF0D2538AF050029399F /* HighlightsModel.swift */ = {isa = PBXFileReference; lastKnownFileType = sourcecode.swift; path = HighlightsModel.swift; sourceTree = "<group>"; };
		6A635C0A254BD7EA008FCF6D /* Dual.entitlements */ = {isa = PBXFileReference; lastKnownFileType = text.plist.entitlements; path = Dual.entitlements; sourceTree = "<group>"; };
		6A6374F92518E16C0019A984 /* Dual.app */ = {isa = PBXFileReference; explicitFileType = wrapper.application; includeInIndex = 0; path = Dual.app; sourceTree = BUILT_PRODUCTS_DIR; };
		6A6374FC2518E16C0019A984 /* AppDelegate.swift */ = {isa = PBXFileReference; lastKnownFileType = sourcecode.swift; path = AppDelegate.swift; sourceTree = "<group>"; };
		6A6374FE2518E16C0019A984 /* SceneDelegate.swift */ = {isa = PBXFileReference; lastKnownFileType = sourcecode.swift; path = SceneDelegate.swift; sourceTree = "<group>"; };
		6A6375032518E16C0019A984 /* Base */ = {isa = PBXFileReference; lastKnownFileType = file.storyboard; name = Base; path = Base.lproj/Main.storyboard; sourceTree = "<group>"; };
		6A6375052518E16D0019A984 /* Assets.xcassets */ = {isa = PBXFileReference; lastKnownFileType = folder.assetcatalog; path = Assets.xcassets; sourceTree = "<group>"; };
		6A6375082518E16E0019A984 /* Base */ = {isa = PBXFileReference; lastKnownFileType = file.storyboard; name = Base; path = Base.lproj/LaunchScreen.storyboard; sourceTree = "<group>"; };
		6A63750A2518E16E0019A984 /* Info.plist */ = {isa = PBXFileReference; lastKnownFileType = text.plist.xml; path = Info.plist; sourceTree = "<group>"; };
		6A63750F2518E16E0019A984 /* DualTests.xctest */ = {isa = PBXFileReference; explicitFileType = wrapper.cfbundle; includeInIndex = 0; path = DualTests.xctest; sourceTree = BUILT_PRODUCTS_DIR; };
		6A6375132518E16E0019A984 /* DualTests.swift */ = {isa = PBXFileReference; lastKnownFileType = sourcecode.swift; path = DualTests.swift; sourceTree = "<group>"; };
		6A6375152518E16E0019A984 /* Info.plist */ = {isa = PBXFileReference; lastKnownFileType = text.plist.xml; path = Info.plist; sourceTree = "<group>"; };
		6A63751A2518E16E0019A984 /* DualUITests.xctest */ = {isa = PBXFileReference; explicitFileType = wrapper.cfbundle; includeInIndex = 0; path = DualUITests.xctest; sourceTree = BUILT_PRODUCTS_DIR; };
		6A63751E2518E16E0019A984 /* DualUITests.swift */ = {isa = PBXFileReference; lastKnownFileType = sourcecode.swift; path = DualUITests.swift; sourceTree = "<group>"; };
		6A6375202518E16E0019A984 /* Info.plist */ = {isa = PBXFileReference; lastKnownFileType = text.plist.xml; path = Info.plist; sourceTree = "<group>"; };
		6A6548A425B3720800021B34 /* ReportVC.swift */ = {isa = PBXFileReference; lastKnownFileType = sourcecode.swift; path = ReportVC.swift; sourceTree = "<group>"; };
		6A6548AA25B3795A00021B34 /* reportView.swift */ = {isa = PBXFileReference; lastKnownFileType = sourcecode.swift; path = reportView.swift; sourceTree = "<group>"; };
		6A6548AB25B3795A00021B34 /* reportView.xib */ = {isa = PBXFileReference; lastKnownFileType = file.xib; path = reportView.xib; sourceTree = "<group>"; };
		6A6548B925B3BEC400021B34 /* reportCell.swift */ = {isa = PBXFileReference; lastKnownFileType = sourcecode.swift; path = reportCell.swift; sourceTree = "<group>"; };
		6A6548BA25B3BEC400021B34 /* reportCell.xib */ = {isa = PBXFileReference; lastKnownFileType = file.xib; path = reportCell.xib; sourceTree = "<group>"; };
		6A6D422425732F6900C234FD /* userHighlightsCollectionCell.swift */ = {isa = PBXFileReference; lastKnownFileType = sourcecode.swift; path = userHighlightsCollectionCell.swift; sourceTree = "<group>"; };
		6A6D422525732F6900C234FD /* userHighlightsCollectionCell.xib */ = {isa = PBXFileReference; lastKnownFileType = file.xib; path = userHighlightsCollectionCell.xib; sourceTree = "<group>"; };
		6A769051252023FF009BFC21 /* fancyBtn.swift */ = {isa = PBXFileReference; fileEncoding = 4; lastKnownFileType = sourcecode.swift; path = fancyBtn.swift; sourceTree = "<group>"; };
		6A769052252023FF009BFC21 /* avatarImgRendered.swift */ = {isa = PBXFileReference; fileEncoding = 4; lastKnownFileType = sourcecode.swift; path = avatarImgRendered.swift; sourceTree = "<group>"; };
		6A769053252023FF009BFC21 /* Color.swift */ = {isa = PBXFileReference; fileEncoding = 4; lastKnownFileType = sourcecode.swift; path = Color.swift; sourceTree = "<group>"; };
		6A76905425202400009BFC21 /* RoundedView.swift */ = {isa = PBXFileReference; fileEncoding = 4; lastKnownFileType = sourcecode.swift; path = RoundedView.swift; sourceTree = "<group>"; };
		6A76905525202400009BFC21 /* ModifiedSearchBar.swift */ = {isa = PBXFileReference; fileEncoding = 4; lastKnownFileType = sourcecode.swift; path = ModifiedSearchBar.swift; sourceTree = "<group>"; };
		6A76905625202400009BFC21 /* circleView.swift */ = {isa = PBXFileReference; fileEncoding = 4; lastKnownFileType = sourcecode.swift; path = circleView.swift; sourceTree = "<group>"; };
		6A76905725202400009BFC21 /* RoundedLabel.swift */ = {isa = PBXFileReference; fileEncoding = 4; lastKnownFileType = sourcecode.swift; path = RoundedLabel.swift; sourceTree = "<group>"; };
		6A76905825202400009BFC21 /* borderAvatarView.swift */ = {isa = PBXFileReference; fileEncoding = 4; lastKnownFileType = sourcecode.swift; path = borderAvatarView.swift; sourceTree = "<group>"; };
		6A76905925202401009BFC21 /* modTxtField.swift */ = {isa = PBXFileReference; fileEncoding = 4; lastKnownFileType = sourcecode.swift; path = modTxtField.swift; sourceTree = "<group>"; };
		6A76905A25202401009BFC21 /* CommentTxtView.swift */ = {isa = PBXFileReference; fileEncoding = 4; lastKnownFileType = sourcecode.swift; path = CommentTxtView.swift; sourceTree = "<group>"; };
		6A76905B25202401009BFC21 /* CustomLabel.swift */ = {isa = PBXFileReference; fileEncoding = 4; lastKnownFileType = sourcecode.swift; path = CustomLabel.swift; sourceTree = "<group>"; };
		6A76905C25202401009BFC21 /* loginCardView.swift */ = {isa = PBXFileReference; fileEncoding = 4; lastKnownFileType = sourcecode.swift; path = loginCardView.swift; sourceTree = "<group>"; };
		6A76905D25202401009BFC21 /* modifiedChooseCarView.swift */ = {isa = PBXFileReference; fileEncoding = 4; lastKnownFileType = sourcecode.swift; path = modifiedChooseCarView.swift; sourceTree = "<group>"; };
		6A76905E25202401009BFC21 /* ProfileView.swift */ = {isa = PBXFileReference; fileEncoding = 4; lastKnownFileType = sourcecode.swift; path = ProfileView.swift; sourceTree = "<group>"; };
		6A797BBD2529565500EB64D3 /* DataService.swift */ = {isa = PBXFileReference; fileEncoding = 4; lastKnownFileType = sourcecode.swift; path = DataService.swift; sourceTree = "<group>"; };
		6A797BC4252958A600EB64D3 /* InterestedVC.swift */ = {isa = PBXFileReference; lastKnownFileType = sourcecode.swift; path = InterestedVC.swift; sourceTree = "<group>"; };
		6A806133259FE043003299FC /* CommentVC.swift */ = {isa = PBXFileReference; lastKnownFileType = sourcecode.swift; path = CommentVC.swift; sourceTree = "<group>"; };
		6A85F09D2568F86500A1FECB /* UIColor+Utils.swift */ = {isa = PBXFileReference; fileEncoding = 4; lastKnownFileType = sourcecode.swift; path = "UIColor+Utils.swift"; sourceTree = "<group>"; };
		6A85F0A3256934AD00A1FECB /* ChallengeModel.swift */ = {isa = PBXFileReference; lastKnownFileType = sourcecode.swift; path = ChallengeModel.swift; sourceTree = "<group>"; };
		6A85F0B22569385600A1FECB /* PendingTableViewCell.swift */ = {isa = PBXFileReference; lastKnownFileType = sourcecode.swift; name = PendingTableViewCell.swift; path = "../New Group/PendingTableViewCell.swift"; sourceTree = "<group>"; };
		6A85F0C32569FB4000A1FECB /* ActiveTableViewCell.swift */ = {isa = PBXFileReference; lastKnownFileType = sourcecode.swift; path = ActiveTableViewCell.swift; sourceTree = "<group>"; };
		6A85F0C82569FB5300A1FECB /* ExpireTableViewCell.swift */ = {isa = PBXFileReference; lastKnownFileType = sourcecode.swift; path = ExpireTableViewCell.swift; sourceTree = "<group>"; };
		6A923169256DE29300B8839C /* UserProfileVC.swift */ = {isa = PBXFileReference; lastKnownFileType = sourcecode.swift; path = UserProfileVC.swift; sourceTree = "<group>"; };
		6A92A52525A3CCFB00D64A98 /* CommentModel.swift */ = {isa = PBXFileReference; lastKnownFileType = sourcecode.swift; name = CommentModel.swift; path = Dual/Layout/CommentView/CommentModel.swift; sourceTree = SOURCE_ROOT; };
		6A92A5D925A42A9900D64A98 /* CommentView.swift */ = {isa = PBXFileReference; lastKnownFileType = sourcecode.swift; path = CommentView.swift; sourceTree = "<group>"; };
		6A92A5E125A42AE700D64A98 /* CommentView.xib */ = {isa = PBXFileReference; lastKnownFileType = file.xib; path = CommentView.xib; sourceTree = "<group>"; };
		6A92A5E925A4376E00D64A98 /* CommentNode.swift */ = {isa = PBXFileReference; lastKnownFileType = sourcecode.swift; path = CommentNode.swift; sourceTree = "<group>"; };
		6A98EC5C25671BC4002717ED /* ChallengesView.swift */ = {isa = PBXFileReference; lastKnownFileType = sourcecode.swift; path = ChallengesView.swift; sourceTree = "<group>"; };
		6A98EC6125671BFC002717ED /* ChallengesView.xib */ = {isa = PBXFileReference; lastKnownFileType = file.xib; path = ChallengesView.xib; sourceTree = "<group>"; };
		6A98EC6625672344002717ED /* Shadow.swift */ = {isa = PBXFileReference; lastKnownFileType = sourcecode.swift; path = Shadow.swift; sourceTree = "<group>"; };
		6A9AB37825748CDE00ACD29F /* EmailChangeVC.swift */ = {isa = PBXFileReference; fileEncoding = 4; lastKnownFileType = sourcecode.swift; path = EmailChangeVC.swift; sourceTree = "<group>"; };
		6A9C4E1725982B3400B8D719 /* UserHighlightFeedVC.swift */ = {isa = PBXFileReference; lastKnownFileType = sourcecode.swift; path = UserHighlightFeedVC.swift; sourceTree = "<group>"; };
		6AB7354025433D16006EBBFA /* PostNode.swift */ = {isa = PBXFileReference; lastKnownFileType = sourcecode.swift; path = PostNode.swift; sourceTree = "<group>"; };
		6ABD0A402544BC05004CD9D5 /* DetailView.swift */ = {isa = PBXFileReference; lastKnownFileType = sourcecode.swift; path = DetailView.swift; sourceTree = "<group>"; };
		6ABD0A482544BD26004CD9D5 /* DetailView.xib */ = {isa = PBXFileReference; lastKnownFileType = file.xib; path = DetailView.xib; sourceTree = "<group>"; };
		6ABD0A832544E76A004CD9D5 /* Dual-Bridging-Header.h */ = {isa = PBXFileReference; lastKnownFileType = sourcecode.c.h; path = "Dual-Bridging-Header.h"; sourceTree = "<group>"; };
		6ABD0A842544E76B004CD9D5 /* GradientNode.h */ = {isa = PBXFileReference; fileEncoding = 4; lastKnownFileType = sourcecode.c.h; path = GradientNode.h; sourceTree = "<group>"; };
		6ABD0A852544E76B004CD9D5 /* GradientNode.m */ = {isa = PBXFileReference; fileEncoding = 4; lastKnownFileType = sourcecode.c.objc; path = GradientNode.m; sourceTree = "<group>"; };
		6ABD0A8A2544EC6F004CD9D5 /* ChallengeView.swift */ = {isa = PBXFileReference; lastKnownFileType = sourcecode.swift; path = ChallengeView.swift; sourceTree = "<group>"; };
		6ABD0A8F2544EC7E004CD9D5 /* ChallengeView.xib */ = {isa = PBXFileReference; lastKnownFileType = file.xib; path = ChallengeView.xib; sourceTree = "<group>"; };
		6ABDB09B25B3644000C12C97 /* CWRateKit.h */ = {isa = PBXFileReference; fileEncoding = 4; lastKnownFileType = sourcecode.c.h; path = CWRateKit.h; sourceTree = "<group>"; };
		6ABDB09C25B3644600C12C97 /* CWRateKitHapticMoments.swift */ = {isa = PBXFileReference; fileEncoding = 4; lastKnownFileType = sourcecode.swift; path = CWRateKitHapticMoments.swift; sourceTree = "<group>"; };
		6ABDB09D25B3644900C12C97 /* CWRateKitAnimationType.swift */ = {isa = PBXFileReference; fileEncoding = 4; lastKnownFileType = sourcecode.swift; path = CWRateKitAnimationType.swift; sourceTree = "<group>"; };
		6ABDB09E25B3645300C12C97 /* CWRateKitViewController.swift */ = {isa = PBXFileReference; fileEncoding = 4; lastKnownFileType = sourcecode.swift; path = CWRateKitViewController.swift; sourceTree = "<group>"; };
		6ABDB09F25B3645700C12C97 /* CWRateKitViewControllerDelegate.swift */ = {isa = PBXFileReference; fileEncoding = 4; lastKnownFileType = sourcecode.swift; path = CWRateKitViewControllerDelegate.swift; sourceTree = "<group>"; };
		6ABF1DCA252CBEAC00D15D27 /* SwiftLoader.swift */ = {isa = PBXFileReference; fileEncoding = 4; lastKnownFileType = sourcecode.swift; path = SwiftLoader.swift; sourceTree = "<group>"; };
		6ABF1DD4252CECFF00D15D27 /* HomePageVC.swift */ = {isa = PBXFileReference; lastKnownFileType = sourcecode.swift; path = HomePageVC.swift; sourceTree = "<group>"; };
		6AC6F78F2550E9620065AD8F /* SettingVC.swift */ = {isa = PBXFileReference; lastKnownFileType = sourcecode.swift; path = SettingVC.swift; sourceTree = "<group>"; };
		6AC6F7CA2550EB050065AD8F /* SettingCell.swift */ = {isa = PBXFileReference; lastKnownFileType = sourcecode.swift; path = SettingCell.swift; sourceTree = "<group>"; };
		6AC6F8042551AE240065AD8F /* EditProfileVC.swift */ = {isa = PBXFileReference; lastKnownFileType = sourcecode.swift; path = EditProfileVC.swift; sourceTree = "<group>"; };
		6AC6F80D2551AFB70065AD8F /* EditProfileCell.swift */ = {isa = PBXFileReference; lastKnownFileType = sourcecode.swift; path = EditProfileCell.swift; sourceTree = "<group>"; };
		6AC6F8162551B43B0065AD8F /* GeneralInfomationVC.swift */ = {isa = PBXFileReference; lastKnownFileType = sourcecode.swift; path = GeneralInfomationVC.swift; sourceTree = "<group>"; };
		6AC6F81F25520F940065AD8F /* PasswordVC.swift */ = {isa = PBXFileReference; lastKnownFileType = sourcecode.swift; path = PasswordVC.swift; sourceTree = "<group>"; };
		6AC6F828255243740065AD8F /* PhoneChangeVC.swift */ = {isa = PBXFileReference; lastKnownFileType = sourcecode.swift; path = PhoneChangeVC.swift; sourceTree = "<group>"; };
		6AC6F83125524EFE0065AD8F /* PhoneVerificationChangeVC.swift */ = {isa = PBXFileReference; lastKnownFileType = sourcecode.swift; path = PhoneVerificationChangeVC.swift; sourceTree = "<group>"; };
		6ACF220A25392D2B00B17D25 /* HighlightCollectionCell.swift */ = {isa = PBXFileReference; lastKnownFileType = sourcecode.swift; path = HighlightCollectionCell.swift; sourceTree = "<group>"; };
		6ACF220B25392D2B00B17D25 /* HighlightsCollectionCell.xib */ = {isa = PBXFileReference; lastKnownFileType = file.xib; path = HighlightsCollectionCell.xib; sourceTree = "<group>"; };
		6AD570BD2541535D004AC4D1 /* FeedCategoryCell.swift */ = {isa = PBXFileReference; lastKnownFileType = sourcecode.swift; path = FeedCategoryCell.swift; sourceTree = "<group>"; };
		6AD7CEAD252E67A900E326F0 /* AddVC.swift */ = {isa = PBXFileReference; lastKnownFileType = sourcecode.swift; path = AddVC.swift; sourceTree = "<group>"; };
		6AD7CEB7252E692500E326F0 /* AddModel.swift */ = {isa = PBXFileReference; lastKnownFileType = sourcecode.swift; path = AddModel.swift; sourceTree = "<group>"; };
		6AD7CEBF252E693D00E326F0 /* AddCell.swift */ = {isa = PBXFileReference; lastKnownFileType = sourcecode.swift; path = AddCell.swift; sourceTree = "<group>"; };
		6AD7CEC5252E93D700E326F0 /* HighlightVC.swift */ = {isa = PBXFileReference; lastKnownFileType = sourcecode.swift; path = HighlightVC.swift; sourceTree = "<group>"; };
		6AD84C342542080D001C3AA2 /* CategoryModel.swift */ = {isa = PBXFileReference; lastKnownFileType = sourcecode.swift; path = CategoryModel.swift; sourceTree = "<group>"; };
		6ADC17A3256DC4E90082B093 /* ViewAllChallengeVC.swift */ = {isa = PBXFileReference; lastKnownFileType = sourcecode.swift; path = ViewAllChallengeVC.swift; sourceTree = "<group>"; };
		6ADC17AC256DD7DC0082B093 /* AllChallengeCell.swift */ = {isa = PBXFileReference; lastKnownFileType = sourcecode.swift; path = AllChallengeCell.swift; sourceTree = "<group>"; };
		BE0D507066F2A288B292163A /* Pods-Dual-DualUITests.debug.xcconfig */ = {isa = PBXFileReference; includeInIndex = 1; lastKnownFileType = text.xcconfig; name = "Pods-Dual-DualUITests.debug.xcconfig"; path = "Target Support Files/Pods-Dual-DualUITests/Pods-Dual-DualUITests.debug.xcconfig"; sourceTree = "<group>"; };
		C738436B411B8E98E89CB62C /* Pods-Dual.release.xcconfig */ = {isa = PBXFileReference; includeInIndex = 1; lastKnownFileType = text.xcconfig; name = "Pods-Dual.release.xcconfig"; path = "Target Support Files/Pods-Dual/Pods-Dual.release.xcconfig"; sourceTree = "<group>"; };
		D127BB79FF4D463C23E39112 /* Pods_DualTests.framework */ = {isa = PBXFileReference; explicitFileType = wrapper.framework; includeInIndex = 0; path = Pods_DualTests.framework; sourceTree = BUILT_PRODUCTS_DIR; };
		ECBE5FE94E524DDB0B7BE39F /* Pods-Dual-DualUITests.release.xcconfig */ = {isa = PBXFileReference; includeInIndex = 1; lastKnownFileType = text.xcconfig; name = "Pods-Dual-DualUITests.release.xcconfig"; path = "Target Support Files/Pods-Dual-DualUITests/Pods-Dual-DualUITests.release.xcconfig"; sourceTree = "<group>"; };
		ED817C92244ACC16B1A471A1 /* Pods-DualTests.release.xcconfig */ = {isa = PBXFileReference; includeInIndex = 1; lastKnownFileType = text.xcconfig; name = "Pods-DualTests.release.xcconfig"; path = "Target Support Files/Pods-DualTests/Pods-DualTests.release.xcconfig"; sourceTree = "<group>"; };
/* End PBXFileReference section */

/* Begin PBXFrameworksBuildPhase section */
		6A6374F62518E16C0019A984 /* Frameworks */ = {
			isa = PBXFrameworksBuildPhase;
			buildActionMask = 2147483647;
			files = (
				E3A563CFC8B32B34BBEF2DF5 /* Pods_Dual.framework in Frameworks */,
			);
			runOnlyForDeploymentPostprocessing = 0;
		};
		6A63750C2518E16E0019A984 /* Frameworks */ = {
			isa = PBXFrameworksBuildPhase;
			buildActionMask = 2147483647;
			files = (
				453E385C8625A0804FC03DE2 /* Pods_DualTests.framework in Frameworks */,
			);
			runOnlyForDeploymentPostprocessing = 0;
		};
		6A6375172518E16E0019A984 /* Frameworks */ = {
			isa = PBXFrameworksBuildPhase;
			buildActionMask = 2147483647;
			files = (
				381339D14752149C5B574D26 /* Pods_Dual_DualUITests.framework in Frameworks */,
			);
			runOnlyForDeploymentPostprocessing = 0;
		};
/* End PBXFrameworksBuildPhase section */

/* Begin PBXGroup section */
		6A108D9E253C1A4A008996C3 /* EditVideoVC */ = {
			isa = PBXGroup;
			children = (
				6A108D9F253C1A6A008996C3 /* EditVideoVC.swift */,
				6A108DE5253D23FD008996C3 /* VideoSettingVC */,
			);
			path = EditVideoVC;
			sourceTree = "<group>";
		};
		6A108DE5253D23FD008996C3 /* VideoSettingVC */ = {
			isa = PBXGroup;
			children = (
				6A108DE6253D2419008996C3 /* VideoSettingVC.swift */,
				6A108DEE253D2EC9008996C3 /* VideoInformationVC */,
			);
			path = VideoSettingVC;
			sourceTree = "<group>";
		};
		6A108DEE253D2EC9008996C3 /* VideoInformationVC */ = {
			isa = PBXGroup;
			children = (
				6A108DEF253D2EDB008996C3 /* VideoInformationVC.swift */,
			);
			path = VideoInformationVC;
			sourceTree = "<group>";
		};
		6A115F4A25373BE400A5BACA /* ProfileVC */ = {
			isa = PBXGroup;
			children = (
				6AC6F78E2550E9510065AD8F /* SettingVC */,
				6A108D9E253C1A4A008996C3 /* EditVideoVC */,
				6A61DEFF2538AD400029399F /* HighlightsCollectionCell */,
				6A115F5125373C2600A5BACA /* ProfileVC.swift */,
			);
			path = ProfileVC;
			sourceTree = "<group>";
		};
		6A17CF08255770BC00A5C40E /* EmailChangeVC */ = {
			isa = PBXGroup;
			children = (
				6A9AB37825748CDE00ACD29F /* EmailChangeVC.swift */,
			);
			path = EmailChangeVC;
			sourceTree = "<group>";
		};
		6A17CF0E255789CE00A5C40E /* EmailVerificationVC */ = {
			isa = PBXGroup;
			children = (
				6A17CF0F255789E400A5C40E /* EmailVerificationVC.swift */,
			);
			path = EmailVerificationVC;
			sourceTree = "<group>";
		};
		6A1A57CD253FD3C60037AEE0 /* FeedVC */ = {
			isa = PBXGroup;
			children = (
				6AD570952541397A004AC4D1 /* FeedCategoryCell */,
				6AB7353F25433CFC006EBBFA /* postNode */,
				6A1A57CE253FD3D70037AEE0 /* FeedVC.swift */,
			);
			path = FeedVC;
			sourceTree = "<group>";
		};
		6A30582A25466D330096BA1F /* PlayView */ = {
			isa = PBXGroup;
			children = (
				6A30582B25466D4E0096BA1F /* PlayView.xib */,
				6A30583025466DA40096BA1F /* PlayView.swift */,
			);
			path = PlayView;
			sourceTree = "<group>";
		};
		6A305835254713AA0096BA1F /* Login overlay */ = {
			isa = PBXGroup;
			children = (
				6A305836254713C80096BA1F /* LoginView.xib */,
				6A30583B254713D50096BA1F /* LoginView.swift */,
			);
			path = "Login overlay";
			sourceTree = "<group>";
		};
		6A305840254731960096BA1F /* Login VC */ = {
			isa = PBXGroup;
			children = (
				6A305841254731AC0096BA1F /* LoginVC.swift */,
				6A6084D32549ED0B00E1A4B5 /* FinalInfoVC */,
				6A6084A22549515C00E1A4B5 /* DetailInfoVC */,
				6A6084852549058800E1A4B5 /* PhoneVerficationVC */,
				6A30584C254785190096BA1F /* Normal Login */,
			);
			path = "Login VC";
			sourceTree = "<group>";
		};
		6A30584C254785190096BA1F /* Normal Login */ = {
			isa = PBXGroup;
			children = (
				6A30584D254785320096BA1F /* NormalLoginVC.swift */,
			);
			path = "Normal Login";
			sourceTree = "<group>";
		};
		6A30585525478FF90096BA1F /* HighlightCollectionCellView */ = {
			isa = PBXGroup;
			children = (
				6ACF220B25392D2B00B17D25 /* HighlightsCollectionCell.xib */,
			);
			path = HighlightCollectionCellView;
			sourceTree = "<group>";
		};
		6A3058592547901B0096BA1F /* PhoneView */ = {
			isa = PBXGroup;
			children = (
				6A30585A254790360096BA1F /* PhoneView.xib */,
				6A30585F2547904A0096BA1F /* PhoneView.swift */,
			);
			path = PhoneView;
			sourceTree = "<group>";
		};
		6A4077CD252959B30063F378 /* InterestedModel */ = {
			isa = PBXGroup;
			children = (
				6A4077CE252959C20063F378 /* InterestedModel.swift */,
			);
			path = InterestedModel;
			sourceTree = "<group>";
		};
		6A4077D625295E340063F378 /* InterestedCell */ = {
			isa = PBXGroup;
			children = (
				6A4077D725295E660063F378 /* InterestedCell.swift */,
			);
			path = InterestedCell;
			sourceTree = "<group>";
		};
		6A407863252A12970063F378 /* Layout */ = {
			isa = PBXGroup;
			children = (
				6A6548A925B3793800021B34 /* reportView */,
				6A92A53425A3D60900D64A98 /* CommentCell */,
				6A47DE5225A1A2C50091D878 /* CommentView */,
				6A6D421B25732F3A00C234FD /* userHighlightsCollectionCellView */,
				6A98EC5825671B99002717ED /* ChallengesView */,
				6A6084C42549E7BE00E1A4B5 /* usernamePwdView */,
				6A6084AB2549C72400E1A4B5 /* DetailInfo */,
				6A6084972549075A00E1A4B5 /* verificationView */,
				6A6082E32547AB1100E1A4B5 /* userNameView */,
				6A3058592547901B0096BA1F /* PhoneView */,
				6A30585525478FF90096BA1F /* HighlightCollectionCellView */,
				6A30582A25466D330096BA1F /* PlayView */,
				6AB7354625440061006EBBFA /* ChallengeView */,
				6AB735452544004E006EBBFA /* DetailView */,
				6A305835254713AA0096BA1F /* Login overlay */,
			);
			path = Layout;
			sourceTree = "<group>";
		};
		6A411B7425BCDF0500364F15 /* FollowerVC */ = {
			isa = PBXGroup;
			children = (
				6A411B7525BCDF1D00364F15 /* FollowerVC.swift */,
			);
			path = FollowerVC;
			sourceTree = "<group>";
		};
		6A47DE5225A1A2C50091D878 /* CommentView */ = {
			isa = PBXGroup;
			children = (
				6A47DE5325A1A2DC0091D878 /* CommentVC.xib */,
			);
			path = CommentView;
			sourceTree = "<group>";
		};
		6A52E33225CCF84D00FFB4BB /* MessageVC */ = {
			isa = PBXGroup;
			children = (
				6A52E33325CCF87000FFB4BB /* MessageVC.swift */,
			);
			path = MessageVC;
			sourceTree = "<group>";
		};
		6A5754D6256DC25400CBB1E0 /* AllChallenge */ = {
			isa = PBXGroup;
			children = (
				6ADC17AB256DD7BF0082B093 /* AllChallengeCell */,
				6ADC17A3256DC4E90082B093 /* ViewAllChallengeVC.swift */,
			);
			path = AllChallenge;
			sourceTree = "<group>";
		};
		6A5C9EDC25546A5800E28459 /* Bridging-Header */ = {
			isa = PBXGroup;
			children = (
				6ABD0A832544E76A004CD9D5 /* Dual-Bridging-Header.h */,
			);
			path = "Bridging-Header";
			sourceTree = "<group>";
		};
		6A6082E32547AB1100E1A4B5 /* userNameView */ = {
			isa = PBXGroup;
			children = (
				6A6082E42547AB2500E1A4B5 /* userNameView.xib */,
				6A6082E92547AB4100E1A4B5 /* userNameView.swift */,
			);
			path = userNameView;
			sourceTree = "<group>";
		};
		6A6082F12547E66400E1A4B5 /* PhoneBookModel */ = {
			isa = PBXGroup;
			children = (
				6A6082F22547E67700E1A4B5 /* PhoneBookModel.swift */,
			);
			path = PhoneBookModel;
			sourceTree = "<group>";
		};
		6A6082FA2547F5F300E1A4B5 /* ChallengeVC */ = {
			isa = PBXGroup;
			children = (
				6A5754D6256DC25400CBB1E0 /* AllChallenge */,
				6A85F0B92569386200A1FECB /* ChallengeTableViewCell */,
				6A6082FB2547F60900E1A4B5 /* ChallengeVC.swift */,
			);
			path = ChallengeVC;
			sourceTree = "<group>";
		};
		6A6084852549058800E1A4B5 /* PhoneVerficationVC */ = {
			isa = PBXGroup;
			children = (
				6A608486254905D100E1A4B5 /* PhoneVerficationVC.swift */,
			);
			path = PhoneVerficationVC;
			sourceTree = "<group>";
		};
		6A6084972549075A00E1A4B5 /* verificationView */ = {
			isa = PBXGroup;
			children = (
				6A6084982549078F00E1A4B5 /* verificationView.xib */,
				6A60849D254907A600E1A4B5 /* verificationView.swift */,
			);
			path = verificationView;
			sourceTree = "<group>";
		};
		6A6084A22549515C00E1A4B5 /* DetailInfoVC */ = {
			isa = PBXGroup;
			children = (
				6A6084A32549518600E1A4B5 /* DetailInfoVC.swift */,
			);
			path = DetailInfoVC;
			sourceTree = "<group>";
		};
		6A6084AB2549C72400E1A4B5 /* DetailInfo */ = {
			isa = PBXGroup;
			children = (
				6A6084B42549CA6900E1A4B5 /* DetailInfo.xib */,
				6A6084BF2549CD3600E1A4B5 /* DetailInfo.swift */,
			);
			path = DetailInfo;
			sourceTree = "<group>";
		};
		6A6084C42549E7BE00E1A4B5 /* usernamePwdView */ = {
			isa = PBXGroup;
			children = (
				6A6084C52549E7D900E1A4B5 /* usernamePwdView.swift */,
				6A6084CD2549E7E900E1A4B5 /* usernamePwdView.xib */,
			);
			path = usernamePwdView;
			sourceTree = "<group>";
		};
		6A6084D32549ED0B00E1A4B5 /* FinalInfoVC */ = {
			isa = PBXGroup;
			children = (
				6A6084D42549ED2300E1A4B5 /* FinalInfoVC.swift */,
			);
			path = FinalInfoVC;
			sourceTree = "<group>";
		};
		6A61DEFF2538AD400029399F /* HighlightsCollectionCell */ = {
			isa = PBXGroup;
			children = (
				6ACF220A25392D2B00B17D25 /* HighlightCollectionCell.swift */,
			);
			path = HighlightsCollectionCell;
			sourceTree = "<group>";
		};
		6A61DF0B2538AE8E0029399F /* HighlightsModel */ = {
			isa = PBXGroup;
			children = (
				6A61DF0D2538AF050029399F /* HighlightsModel.swift */,
			);
			path = HighlightsModel;
			sourceTree = "<group>";
		};
		6A61DF0C2538AE9E0029399F /* Model */ = {
			isa = PBXGroup;
			children = (
				6A92A52425A3CCEE00D64A98 /* CommentModel */,
				6A85F0A22569348E00A1FECB /* ChallengeModel */,
				6A6082F12547E66400E1A4B5 /* PhoneBookModel */,
				6AD84C33254207FB001C3AA2 /* CategoryModel */,
				6A4077CD252959B30063F378 /* InterestedModel */,
				6AD7CEB6252E691400E326F0 /* AddModel */,
				6A61DF0B2538AE8E0029399F /* HighlightsModel */,
			);
			path = Model;
			sourceTree = "<group>";
		};
		6A6374F02518E16C0019A984 = {
			isa = PBXGroup;
			children = (
				6A6374FB2518E16C0019A984 /* Dual */,
				6A6375122518E16E0019A984 /* DualTests */,
				6A63751D2518E16E0019A984 /* DualUITests */,
				6A6374FA2518E16C0019A984 /* Products */,
				E865F12582C65D7D6F9B1F4C /* Pods */,
				8CCFE419709CCED346E48F27 /* Frameworks */,
			);
			sourceTree = "<group>";
		};
		6A6374FA2518E16C0019A984 /* Products */ = {
			isa = PBXGroup;
			children = (
				6A6374F92518E16C0019A984 /* Dual.app */,
				6A63750F2518E16E0019A984 /* DualTests.xctest */,
				6A63751A2518E16E0019A984 /* DualUITests.xctest */,
			);
			name = Products;
			sourceTree = "<group>";
		};
		6A6374FB2518E16C0019A984 /* Dual */ = {
			isa = PBXGroup;
			children = (
				6ABDB09725B3642500C12C97 /* CWRateKit */,
				6A635C0A254BD7EA008FCF6D /* Dual.entitlements */,
				6A5C9EDC25546A5800E28459 /* Bridging-Header */,
				6ABD0A822544E754004CD9D5 /* GradienNode */,
				6A61DF0C2538AE9E0029399F /* Model */,
				6AC5481B2530F96A00999916 /* Utils */,
				6ABF1DC9252CBE8F00D15D27 /* SwifLoader */,
				6A407863252A12970063F378 /* Layout */,
				6A797BC22529588000EB64D3 /* VC */,
				6A769050252023F0009BFC21 /* ModView */,
				6A63AF2D251FFDFA00404554 /* Constant */,
				6A63AF2C251FFDE900404554 /* Storyboard */,
				6A63AF2B251FF64D00404554 /* DataService */,
				6A63AF2A251FF62A00404554 /* Plist */,
				6A63AF28251FF61500404554 /* Delegate */,
				6A6375052518E16D0019A984 /* Assets.xcassets */,
			);
			path = Dual;
			sourceTree = "<group>";
		};
		6A6375122518E16E0019A984 /* DualTests */ = {
			isa = PBXGroup;
			children = (
				6A6375132518E16E0019A984 /* DualTests.swift */,
				6A6375152518E16E0019A984 /* Info.plist */,
			);
			path = DualTests;
			sourceTree = "<group>";
		};
		6A63751D2518E16E0019A984 /* DualUITests */ = {
			isa = PBXGroup;
			children = (
				6A63751E2518E16E0019A984 /* DualUITests.swift */,
				6A6375202518E16E0019A984 /* Info.plist */,
			);
			path = DualUITests;
			sourceTree = "<group>";
		};
		6A63AF28251FF61500404554 /* Delegate */ = {
			isa = PBXGroup;
			children = (
				6A6374FE2518E16C0019A984 /* SceneDelegate.swift */,
				6A6374FC2518E16C0019A984 /* AppDelegate.swift */,
			);
			path = Delegate;
			sourceTree = "<group>";
		};
		6A63AF2A251FF62A00404554 /* Plist */ = {
			isa = PBXGroup;
			children = (
				6A20DC66251ADC1600E89BAE /* GoogleService-Info.plist */,
				6A63750A2518E16E0019A984 /* Info.plist */,
			);
			path = Plist;
			sourceTree = "<group>";
		};
		6A63AF2B251FF64D00404554 /* DataService */ = {
			isa = PBXGroup;
			children = (
				6A797BBD2529565500EB64D3 /* DataService.swift */,
			);
			path = DataService;
			sourceTree = "<group>";
		};
		6A63AF2C251FFDE900404554 /* Storyboard */ = {
			isa = PBXGroup;
			children = (
				6A6375072518E16D0019A984 /* LaunchScreen.storyboard */,
				6A6375022518E16C0019A984 /* Main.storyboard */,
			);
			path = Storyboard;
			sourceTree = "<group>";
		};
		6A63AF2D251FFDFA00404554 /* Constant */ = {
			isa = PBXGroup;
			children = (
				6A40786C252A5F6A0063F378 /* Constant.swift */,
			);
			path = Constant;
			sourceTree = "<group>";
		};
		6A6548A925B3793800021B34 /* reportView */ = {
			isa = PBXGroup;
			children = (
				6A6548AA25B3795A00021B34 /* reportView.swift */,
				6A6548AB25B3795A00021B34 /* reportView.xib */,
				6A6548B925B3BEC400021B34 /* reportCell.swift */,
				6A6548BA25B3BEC400021B34 /* reportCell.xib */,
			);
			path = reportView;
			sourceTree = "<group>";
		};
		6A6D421225732EEF00C234FD /* userHighlightsCollectionCell */ = {
			isa = PBXGroup;
			children = (
				6A6D422425732F6900C234FD /* userHighlightsCollectionCell.swift */,
			);
			path = userHighlightsCollectionCell;
			sourceTree = "<group>";
		};
		6A6D421B25732F3A00C234FD /* userHighlightsCollectionCellView */ = {
			isa = PBXGroup;
			children = (
				6A6D422525732F6900C234FD /* userHighlightsCollectionCell.xib */,
			);
			path = userHighlightsCollectionCellView;
			sourceTree = "<group>";
		};
		6A769050252023F0009BFC21 /* ModView */ = {
			isa = PBXGroup;
			children = (
				6A769052252023FF009BFC21 /* avatarImgRendered.swift */,
				6A76905825202400009BFC21 /* borderAvatarView.swift */,
				6A76905625202400009BFC21 /* circleView.swift */,
				6A769053252023FF009BFC21 /* Color.swift */,
				6A76905A25202401009BFC21 /* CommentTxtView.swift */,
				6A76905B25202401009BFC21 /* CustomLabel.swift */,
				6A76905C25202401009BFC21 /* loginCardView.swift */,
				6A769051252023FF009BFC21 /* fancyBtn.swift */,
				6A76905D25202401009BFC21 /* modifiedChooseCarView.swift */,
				6A76905525202400009BFC21 /* ModifiedSearchBar.swift */,
				6A76905925202401009BFC21 /* modTxtField.swift */,
				6A76905E25202401009BFC21 /* ProfileView.swift */,
				6A76905725202400009BFC21 /* RoundedLabel.swift */,
				6A76905425202400009BFC21 /* RoundedView.swift */,
				6A98EC6625672344002717ED /* Shadow.swift */,
			);
			path = ModView;
			sourceTree = "<group>";
		};
		6A797BC22529588000EB64D3 /* VC */ = {
			isa = PBXGroup;
			children = (
				6A411B7425BCDF0500364F15 /* FollowerVC */,
				6ABDB0E425B371B100C12C97 /* ReportVC */,
				6A305840254731960096BA1F /* Login VC */,
				6ABF1DCF252CBEF400D15D27 /* Main VC */,
				6A797BC32529588800EB64D3 /* Interested VC */,
			);
			path = VC;
			sourceTree = "<group>";
		};
		6A797BC32529588800EB64D3 /* Interested VC */ = {
			isa = PBXGroup;
			children = (
				6A4077D625295E340063F378 /* InterestedCell */,
				6A797BC4252958A600EB64D3 /* InterestedVC.swift */,
			);
			path = "Interested VC";
			sourceTree = "<group>";
		};
		6A806132259FE025003299FC /* CommentVC */ = {
			isa = PBXGroup;
			children = (
				6A92A5D525A42A5E00D64A98 /* CommentNode */,
				6A806133259FE043003299FC /* CommentVC.swift */,
			);
			path = CommentVC;
			sourceTree = "<group>";
		};
		6A85F0A22569348E00A1FECB /* ChallengeModel */ = {
			isa = PBXGroup;
			children = (
				6A85F0A3256934AD00A1FECB /* ChallengeModel.swift */,
			);
			path = ChallengeModel;
			sourceTree = "<group>";
		};
		6A85F0B92569386200A1FECB /* ChallengeTableViewCell */ = {
			isa = PBXGroup;
			children = (
				6A85F0B22569385600A1FECB /* PendingTableViewCell.swift */,
				6A85F0C32569FB4000A1FECB /* ActiveTableViewCell.swift */,
				6A85F0C82569FB5300A1FECB /* ExpireTableViewCell.swift */,
			);
			path = ChallengeTableViewCell;
			sourceTree = "<group>";
		};
		6A923168256DE27500B8839C /* UserProfileVC */ = {
			isa = PBXGroup;
			children = (
				6A6D421225732EEF00C234FD /* userHighlightsCollectionCell */,
				6A923169256DE29300B8839C /* UserProfileVC.swift */,
			);
			path = UserProfileVC;
			sourceTree = "<group>";
		};
		6A92A52425A3CCEE00D64A98 /* CommentModel */ = {
			isa = PBXGroup;
			children = (
				6A92A52525A3CCFB00D64A98 /* CommentModel.swift */,
			);
			path = CommentModel;
			sourceTree = "<group>";
		};
		6A92A53425A3D60900D64A98 /* CommentCell */ = {
			isa = PBXGroup;
			children = (
				6A92A5D925A42A9900D64A98 /* CommentView.swift */,
				6A92A5E125A42AE700D64A98 /* CommentView.xib */,
			);
			path = CommentCell;
			sourceTree = "<group>";
		};
		6A92A5D525A42A5E00D64A98 /* CommentNode */ = {
			isa = PBXGroup;
			children = (
				6A92A5E925A4376E00D64A98 /* CommentNode.swift */,
			);
			path = CommentNode;
			sourceTree = "<group>";
		};
		6A98EC5825671B99002717ED /* ChallengesView */ = {
			isa = PBXGroup;
			children = (
				6A98EC5C25671BC4002717ED /* ChallengesView.swift */,
				6A98EC6125671BFC002717ED /* ChallengesView.xib */,
			);
			path = ChallengesView;
			sourceTree = "<group>";
		};
		6A9C4E1625982B0000B8D719 /* UserHighlightFeedVC */ = {
			isa = PBXGroup;
			children = (
				6A9C4E1725982B3400B8D719 /* UserHighlightFeedVC.swift */,
			);
			path = UserHighlightFeedVC;
			sourceTree = "<group>";
		};
		6AB7353F25433CFC006EBBFA /* postNode */ = {
			isa = PBXGroup;
			children = (
				6AB7354025433D16006EBBFA /* PostNode.swift */,
			);
			path = postNode;
			sourceTree = "<group>";
		};
		6AB735452544004E006EBBFA /* DetailView */ = {
			isa = PBXGroup;
			children = (
				6ABD0A402544BC05004CD9D5 /* DetailView.swift */,
				6ABD0A482544BD26004CD9D5 /* DetailView.xib */,
			);
			path = DetailView;
			sourceTree = "<group>";
		};
		6AB7354625440061006EBBFA /* ChallengeView */ = {
			isa = PBXGroup;
			children = (
				6ABD0A8A2544EC6F004CD9D5 /* ChallengeView.swift */,
				6ABD0A8F2544EC7E004CD9D5 /* ChallengeView.xib */,
			);
			path = ChallengeView;
			sourceTree = "<group>";
		};
		6ABD0A822544E754004CD9D5 /* GradienNode */ = {
			isa = PBXGroup;
			children = (
				6ABD0A842544E76B004CD9D5 /* GradientNode.h */,
				6ABD0A852544E76B004CD9D5 /* GradientNode.m */,
			);
			path = GradienNode;
			sourceTree = "<group>";
		};
		6ABDB09725B3642500C12C97 /* CWRateKit */ = {
			isa = PBXGroup;
			children = (
				6ABDB09B25B3644000C12C97 /* CWRateKit.h */,
				6ABDB09D25B3644900C12C97 /* CWRateKitAnimationType.swift */,
				6ABDB09C25B3644600C12C97 /* CWRateKitHapticMoments.swift */,
				6ABDB09E25B3645300C12C97 /* CWRateKitViewController.swift */,
				6ABDB09F25B3645700C12C97 /* CWRateKitViewControllerDelegate.swift */,
			);
			path = CWRateKit;
			sourceTree = "<group>";
		};
		6ABDB0E425B371B100C12C97 /* ReportVC */ = {
			isa = PBXGroup;
			children = (
				6A6548A425B3720800021B34 /* ReportVC.swift */,
			);
			path = ReportVC;
			sourceTree = "<group>";
		};
		6ABF1DC9252CBE8F00D15D27 /* SwifLoader */ = {
			isa = PBXGroup;
			children = (
				6ABF1DCA252CBEAC00D15D27 /* SwiftLoader.swift */,
			);
			path = SwifLoader;
			sourceTree = "<group>";
		};
		6ABF1DCF252CBEF400D15D27 /* Main VC */ = {
			isa = PBXGroup;
			children = (
				6A52E33225CCF84D00FFB4BB /* MessageVC */,
				6A806132259FE025003299FC /* CommentVC */,
				6A9C4E1625982B0000B8D719 /* UserHighlightFeedVC */,
				6A923168256DE27500B8839C /* UserProfileVC */,
				6A6082FA2547F5F300E1A4B5 /* ChallengeVC */,
				6A1A57CD253FD3C60037AEE0 /* FeedVC */,
				6A115F4A25373BE400A5BACA /* ProfileVC */,
				6AD7CEAC252E678300E326F0 /* AddVC */,
				6ABF1DD0252CBF1300D15D27 /* HomePageVC */,
			);
			path = "Main VC";
			sourceTree = "<group>";
		};
		6ABF1DD0252CBF1300D15D27 /* HomePageVC */ = {
			isa = PBXGroup;
			children = (
				6ABF1DD4252CECFF00D15D27 /* HomePageVC.swift */,
			);
			path = HomePageVC;
			sourceTree = "<group>";
		};
		6AC5481B2530F96A00999916 /* Utils */ = {
			isa = PBXGroup;
			children = (
				6A1187B22532143F00494E0C /* MainAPIClient.swift */,
				6A85F09D2568F86500A1FECB /* UIColor+Utils.swift */,
				6A1187E82534A2BF00494E0C /* DispatchQueue+Extensions.swift */,
				6A3DEB7E25967EA1003E9148 /* Session+TypeAlias.swift */,
				6A47DE4625A19C680091D878 /* PresentationController.swift */,
			);
			path = Utils;
			sourceTree = "<group>";
		};
		6AC6F78E2550E9510065AD8F /* SettingVC */ = {
			isa = PBXGroup;
			children = (
				6AC6F8032551AE0E0065AD8F /* EditProfileVC */,
				6AC6F7C92550EAEC0065AD8F /* SettingCell */,
				6AC6F78F2550E9620065AD8F /* SettingVC.swift */,
			);
			path = SettingVC;
			sourceTree = "<group>";
		};
		6AC6F7C92550EAEC0065AD8F /* SettingCell */ = {
			isa = PBXGroup;
			children = (
				6AC6F7CA2550EB050065AD8F /* SettingCell.swift */,
			);
			path = SettingCell;
			sourceTree = "<group>";
		};
		6AC6F8032551AE0E0065AD8F /* EditProfileVC */ = {
			isa = PBXGroup;
			children = (
				6A17CF0E255789CE00A5C40E /* EmailVerificationVC */,
				6A17CF08255770BC00A5C40E /* EmailChangeVC */,
				6AC6F83025524EE60065AD8F /* PhoneVerificationChangeVC */,
				6AC6F8272552435C0065AD8F /* PhoneChangeVC */,
				6AC6F81E25520F810065AD8F /* PasswordVC */,
				6AC6F8152551B4290065AD8F /* GeneralInfomationVC */,
				6AC6F80C2551AF9A0065AD8F /* EditProfileCell */,
				6AC6F8042551AE240065AD8F /* EditProfileVC.swift */,
			);
			path = EditProfileVC;
			sourceTree = "<group>";
		};
		6AC6F80C2551AF9A0065AD8F /* EditProfileCell */ = {
			isa = PBXGroup;
			children = (
				6AC6F80D2551AFB70065AD8F /* EditProfileCell.swift */,
			);
			path = EditProfileCell;
			sourceTree = "<group>";
		};
		6AC6F8152551B4290065AD8F /* GeneralInfomationVC */ = {
			isa = PBXGroup;
			children = (
				6AC6F8162551B43B0065AD8F /* GeneralInfomationVC.swift */,
			);
			path = GeneralInfomationVC;
			sourceTree = "<group>";
		};
		6AC6F81E25520F810065AD8F /* PasswordVC */ = {
			isa = PBXGroup;
			children = (
				6AC6F81F25520F940065AD8F /* PasswordVC.swift */,
			);
			path = PasswordVC;
			sourceTree = "<group>";
		};
		6AC6F8272552435C0065AD8F /* PhoneChangeVC */ = {
			isa = PBXGroup;
			children = (
				6AC6F828255243740065AD8F /* PhoneChangeVC.swift */,
			);
			path = PhoneChangeVC;
			sourceTree = "<group>";
		};
		6AC6F83025524EE60065AD8F /* PhoneVerificationChangeVC */ = {
			isa = PBXGroup;
			children = (
				6AC6F83125524EFE0065AD8F /* PhoneVerificationChangeVC.swift */,
			);
			path = PhoneVerificationChangeVC;
			sourceTree = "<group>";
		};
		6AD570952541397A004AC4D1 /* FeedCategoryCell */ = {
			isa = PBXGroup;
			children = (
				6AD570BD2541535D004AC4D1 /* FeedCategoryCell.swift */,
			);
			path = FeedCategoryCell;
			sourceTree = "<group>";
		};
		6AD7CEAC252E678300E326F0 /* AddVC */ = {
			isa = PBXGroup;
			children = (
				6AD7CEC4252E93BE00E326F0 /* HighlightVC */,
				6AD7CEB5252E690800E326F0 /* AddCell */,
				6AD7CEAD252E67A900E326F0 /* AddVC.swift */,
			);
			path = AddVC;
			sourceTree = "<group>";
		};
		6AD7CEB5252E690800E326F0 /* AddCell */ = {
			isa = PBXGroup;
			children = (
				6AD7CEBF252E693D00E326F0 /* AddCell.swift */,
			);
			path = AddCell;
			sourceTree = "<group>";
		};
		6AD7CEB6252E691400E326F0 /* AddModel */ = {
			isa = PBXGroup;
			children = (
				6AD7CEB7252E692500E326F0 /* AddModel.swift */,
			);
			path = AddModel;
			sourceTree = "<group>";
		};
		6AD7CEC4252E93BE00E326F0 /* HighlightVC */ = {
			isa = PBXGroup;
			children = (
				6AD7CEC5252E93D700E326F0 /* HighlightVC.swift */,
			);
			path = HighlightVC;
			sourceTree = "<group>";
		};
		6AD84C33254207FB001C3AA2 /* CategoryModel */ = {
			isa = PBXGroup;
			children = (
				6AD84C342542080D001C3AA2 /* CategoryModel.swift */,
			);
			path = CategoryModel;
			sourceTree = "<group>";
		};
		6ADC17AB256DD7BF0082B093 /* AllChallengeCell */ = {
			isa = PBXGroup;
			children = (
				6ADC17AC256DD7DC0082B093 /* AllChallengeCell.swift */,
			);
			path = AllChallengeCell;
			sourceTree = "<group>";
		};
		8CCFE419709CCED346E48F27 /* Frameworks */ = {
			isa = PBXGroup;
			children = (
				0F1F7B52F31F49EEE94780B2 /* Pods_Dual.framework */,
				1992E2E581F03A7710711D46 /* Pods_Dual_DualUITests.framework */,
				D127BB79FF4D463C23E39112 /* Pods_DualTests.framework */,
			);
			name = Frameworks;
			sourceTree = "<group>";
		};
		E865F12582C65D7D6F9B1F4C /* Pods */ = {
			isa = PBXGroup;
			children = (
				0F9F5A47AC31A5753D688497 /* Pods-Dual.debug.xcconfig */,
				C738436B411B8E98E89CB62C /* Pods-Dual.release.xcconfig */,
				BE0D507066F2A288B292163A /* Pods-Dual-DualUITests.debug.xcconfig */,
				ECBE5FE94E524DDB0B7BE39F /* Pods-Dual-DualUITests.release.xcconfig */,
				02FC309F575B641CA95A31E9 /* Pods-DualTests.debug.xcconfig */,
				ED817C92244ACC16B1A471A1 /* Pods-DualTests.release.xcconfig */,
			);
			path = Pods;
			sourceTree = "<group>";
		};
/* End PBXGroup section */

/* Begin PBXNativeTarget section */
		6A6374F82518E16C0019A984 /* Dual */ = {
			isa = PBXNativeTarget;
			buildConfigurationList = 6A6375232518E16E0019A984 /* Build configuration list for PBXNativeTarget "Dual" */;
			buildPhases = (
				F29E90808BF0CE44723C5B92 /* [CP] Check Pods Manifest.lock */,
				6A6374F52518E16C0019A984 /* Sources */,
				6A6374F62518E16C0019A984 /* Frameworks */,
				6A6374F72518E16C0019A984 /* Resources */,
				F50BF5B0676F41A429A76B37 /* [CP] Embed Pods Frameworks */,
				717441E687478FE0C4D40171 /* [CP] Copy Pods Resources */,
			);
			buildRules = (
			);
			dependencies = (
			);
			name = Dual;
			productName = Dual;
			productReference = 6A6374F92518E16C0019A984 /* Dual.app */;
			productType = "com.apple.product-type.application";
		};
		6A63750E2518E16E0019A984 /* DualTests */ = {
			isa = PBXNativeTarget;
			buildConfigurationList = 6A6375262518E16E0019A984 /* Build configuration list for PBXNativeTarget "DualTests" */;
			buildPhases = (
				8538B6DA3A5E6C8793D97839 /* [CP] Check Pods Manifest.lock */,
				6A63750B2518E16E0019A984 /* Sources */,
				6A63750C2518E16E0019A984 /* Frameworks */,
				6A63750D2518E16E0019A984 /* Resources */,
			);
			buildRules = (
			);
			dependencies = (
				6A6375112518E16E0019A984 /* PBXTargetDependency */,
			);
			name = DualTests;
			productName = DualTests;
			productReference = 6A63750F2518E16E0019A984 /* DualTests.xctest */;
			productType = "com.apple.product-type.bundle.unit-test";
		};
		6A6375192518E16E0019A984 /* DualUITests */ = {
			isa = PBXNativeTarget;
			buildConfigurationList = 6A6375292518E16E0019A984 /* Build configuration list for PBXNativeTarget "DualUITests" */;
			buildPhases = (
				7CEB589969E3F1DC0EBE00D7 /* [CP] Check Pods Manifest.lock */,
				6A6375162518E16E0019A984 /* Sources */,
				6A6375172518E16E0019A984 /* Frameworks */,
				6A6375182518E16E0019A984 /* Resources */,
				34FB14B9707014EEB60B3166 /* [CP] Embed Pods Frameworks */,
				936CDDB9CF3C9A659EEB351C /* [CP] Copy Pods Resources */,
			);
			buildRules = (
			);
			dependencies = (
				6A63751C2518E16E0019A984 /* PBXTargetDependency */,
			);
			name = DualUITests;
			productName = DualUITests;
			productReference = 6A63751A2518E16E0019A984 /* DualUITests.xctest */;
			productType = "com.apple.product-type.bundle.ui-testing";
		};
/* End PBXNativeTarget section */

/* Begin PBXProject section */
		6A6374F12518E16C0019A984 /* Project object */ = {
			isa = PBXProject;
			attributes = {
				LastSwiftUpdateCheck = 1200;
				LastUpgradeCheck = 1200;
				TargetAttributes = {
					6A6374F82518E16C0019A984 = {
						CreatedOnToolsVersion = 12.0;
						LastSwiftMigration = 1200;
					};
					6A63750E2518E16E0019A984 = {
						CreatedOnToolsVersion = 12.0;
						TestTargetID = 6A6374F82518E16C0019A984;
					};
					6A6375192518E16E0019A984 = {
						CreatedOnToolsVersion = 12.0;
						TestTargetID = 6A6374F82518E16C0019A984;
					};
				};
			};
			buildConfigurationList = 6A6374F42518E16C0019A984 /* Build configuration list for PBXProject "Dual" */;
			compatibilityVersion = "Xcode 9.3";
			developmentRegion = en;
			hasScannedForEncodings = 0;
			knownRegions = (
				en,
				Base,
			);
			mainGroup = 6A6374F02518E16C0019A984;
			productRefGroup = 6A6374FA2518E16C0019A984 /* Products */;
			projectDirPath = "";
			projectRoot = "";
			targets = (
				6A6374F82518E16C0019A984 /* Dual */,
				6A63750E2518E16E0019A984 /* DualTests */,
				6A6375192518E16E0019A984 /* DualUITests */,
			);
		};
/* End PBXProject section */

/* Begin PBXResourcesBuildPhase section */
		6A6374F72518E16C0019A984 /* Resources */ = {
			isa = PBXResourcesBuildPhase;
			buildActionMask = 2147483647;
			files = (
				6A6082E52547AB2500E1A4B5 /* userNameView.xib in Resources */,
				6A6548AD25B3795A00021B34 /* reportView.xib in Resources */,
				6ABD0A902544EC7E004CD9D5 /* ChallengeView.xib in Resources */,
				6A6375092518E16E0019A984 /* LaunchScreen.storyboard in Resources */,
				6ACF220D25392D2B00B17D25 /* HighlightsCollectionCell.xib in Resources */,
				6A20DC67251ADC1600E89BAE /* GoogleService-Info.plist in Resources */,
				6A6375062518E16D0019A984 /* Assets.xcassets in Resources */,
				6A30585B254790360096BA1F /* PhoneView.xib in Resources */,
				6A47DE5425A1A2DC0091D878 /* CommentVC.xib in Resources */,
				6A6375042518E16C0019A984 /* Main.storyboard in Resources */,
				6A30582C25466D4E0096BA1F /* PlayView.xib in Resources */,
				6A98EC6225671BFC002717ED /* ChallengesView.xib in Resources */,
				6A6084B52549CA6900E1A4B5 /* DetailInfo.xib in Resources */,
				6A6084992549078F00E1A4B5 /* verificationView.xib in Resources */,
				6A305837254713C80096BA1F /* LoginView.xib in Resources */,
				6A6548BC25B3BEC400021B34 /* reportCell.xib in Resources */,
				6ABD0A492544BD26004CD9D5 /* DetailView.xib in Resources */,
				6A6D422725732F6900C234FD /* userHighlightsCollectionCell.xib in Resources */,
				6A6084CE2549E7E900E1A4B5 /* usernamePwdView.xib in Resources */,
				6A92A5E225A42AE700D64A98 /* CommentView.xib in Resources */,
			);
			runOnlyForDeploymentPostprocessing = 0;
		};
		6A63750D2518E16E0019A984 /* Resources */ = {
			isa = PBXResourcesBuildPhase;
			buildActionMask = 2147483647;
			files = (
			);
			runOnlyForDeploymentPostprocessing = 0;
		};
		6A6375182518E16E0019A984 /* Resources */ = {
			isa = PBXResourcesBuildPhase;
			buildActionMask = 2147483647;
			files = (
			);
			runOnlyForDeploymentPostprocessing = 0;
		};
/* End PBXResourcesBuildPhase section */

/* Begin PBXShellScriptBuildPhase section */
		34FB14B9707014EEB60B3166 /* [CP] Embed Pods Frameworks */ = {
			isa = PBXShellScriptBuildPhase;
			buildActionMask = 2147483647;
			files = (
			);
			inputFileListPaths = (
				"${PODS_ROOT}/Target Support Files/Pods-Dual-DualUITests/Pods-Dual-DualUITests-frameworks-${CONFIGURATION}-input-files.xcfilelist",
			);
			name = "[CP] Embed Pods Frameworks";
			outputFileListPaths = (
				"${PODS_ROOT}/Target Support Files/Pods-Dual-DualUITests/Pods-Dual-DualUITests-frameworks-${CONFIGURATION}-output-files.xcfilelist",
			);
			runOnlyForDeploymentPostprocessing = 0;
			shellPath = /bin/sh;
			shellScript = "\"${PODS_ROOT}/Target Support Files/Pods-Dual-DualUITests/Pods-Dual-DualUITests-frameworks.sh\"\n";
			showEnvVarsInLog = 0;
		};
		717441E687478FE0C4D40171 /* [CP] Copy Pods Resources */ = {
			isa = PBXShellScriptBuildPhase;
			buildActionMask = 2147483647;
			files = (
			);
			inputFileListPaths = (
				"${PODS_ROOT}/Target Support Files/Pods-Dual/Pods-Dual-resources-${CONFIGURATION}-input-files.xcfilelist",
			);
			name = "[CP] Copy Pods Resources";
			outputFileListPaths = (
				"${PODS_ROOT}/Target Support Files/Pods-Dual/Pods-Dual-resources-${CONFIGURATION}-output-files.xcfilelist",
			);
			runOnlyForDeploymentPostprocessing = 0;
			shellPath = /bin/sh;
			shellScript = "\"${PODS_ROOT}/Target Support Files/Pods-Dual/Pods-Dual-resources.sh\"\n";
			showEnvVarsInLog = 0;
		};
		7CEB589969E3F1DC0EBE00D7 /* [CP] Check Pods Manifest.lock */ = {
			isa = PBXShellScriptBuildPhase;
			buildActionMask = 2147483647;
			files = (
			);
			inputFileListPaths = (
			);
			inputPaths = (
				"${PODS_PODFILE_DIR_PATH}/Podfile.lock",
				"${PODS_ROOT}/Manifest.lock",
			);
			name = "[CP] Check Pods Manifest.lock";
			outputFileListPaths = (
			);
			outputPaths = (
				"$(DERIVED_FILE_DIR)/Pods-Dual-DualUITests-checkManifestLockResult.txt",
			);
			runOnlyForDeploymentPostprocessing = 0;
			shellPath = /bin/sh;
			shellScript = "diff \"${PODS_PODFILE_DIR_PATH}/Podfile.lock\" \"${PODS_ROOT}/Manifest.lock\" > /dev/null\nif [ $? != 0 ] ; then\n    # print error to STDERR\n    echo \"error: The sandbox is not in sync with the Podfile.lock. Run 'pod install' or update your CocoaPods installation.\" >&2\n    exit 1\nfi\n# This output is used by Xcode 'outputs' to avoid re-running this script phase.\necho \"SUCCESS\" > \"${SCRIPT_OUTPUT_FILE_0}\"\n";
			showEnvVarsInLog = 0;
		};
		8538B6DA3A5E6C8793D97839 /* [CP] Check Pods Manifest.lock */ = {
			isa = PBXShellScriptBuildPhase;
			buildActionMask = 2147483647;
			files = (
			);
			inputFileListPaths = (
			);
			inputPaths = (
				"${PODS_PODFILE_DIR_PATH}/Podfile.lock",
				"${PODS_ROOT}/Manifest.lock",
			);
			name = "[CP] Check Pods Manifest.lock";
			outputFileListPaths = (
			);
			outputPaths = (
				"$(DERIVED_FILE_DIR)/Pods-DualTests-checkManifestLockResult.txt",
			);
			runOnlyForDeploymentPostprocessing = 0;
			shellPath = /bin/sh;
			shellScript = "diff \"${PODS_PODFILE_DIR_PATH}/Podfile.lock\" \"${PODS_ROOT}/Manifest.lock\" > /dev/null\nif [ $? != 0 ] ; then\n    # print error to STDERR\n    echo \"error: The sandbox is not in sync with the Podfile.lock. Run 'pod install' or update your CocoaPods installation.\" >&2\n    exit 1\nfi\n# This output is used by Xcode 'outputs' to avoid re-running this script phase.\necho \"SUCCESS\" > \"${SCRIPT_OUTPUT_FILE_0}\"\n";
			showEnvVarsInLog = 0;
		};
		936CDDB9CF3C9A659EEB351C /* [CP] Copy Pods Resources */ = {
			isa = PBXShellScriptBuildPhase;
			buildActionMask = 2147483647;
			files = (
			);
			inputFileListPaths = (
				"${PODS_ROOT}/Target Support Files/Pods-Dual-DualUITests/Pods-Dual-DualUITests-resources-${CONFIGURATION}-input-files.xcfilelist",
			);
			name = "[CP] Copy Pods Resources";
			outputFileListPaths = (
				"${PODS_ROOT}/Target Support Files/Pods-Dual-DualUITests/Pods-Dual-DualUITests-resources-${CONFIGURATION}-output-files.xcfilelist",
			);
			runOnlyForDeploymentPostprocessing = 0;
			shellPath = /bin/sh;
			shellScript = "\"${PODS_ROOT}/Target Support Files/Pods-Dual-DualUITests/Pods-Dual-DualUITests-resources.sh\"\n";
			showEnvVarsInLog = 0;
		};
		F29E90808BF0CE44723C5B92 /* [CP] Check Pods Manifest.lock */ = {
			isa = PBXShellScriptBuildPhase;
			buildActionMask = 2147483647;
			files = (
			);
			inputFileListPaths = (
			);
			inputPaths = (
				"${PODS_PODFILE_DIR_PATH}/Podfile.lock",
				"${PODS_ROOT}/Manifest.lock",
			);
			name = "[CP] Check Pods Manifest.lock";
			outputFileListPaths = (
			);
			outputPaths = (
				"$(DERIVED_FILE_DIR)/Pods-Dual-checkManifestLockResult.txt",
			);
			runOnlyForDeploymentPostprocessing = 0;
			shellPath = /bin/sh;
			shellScript = "diff \"${PODS_PODFILE_DIR_PATH}/Podfile.lock\" \"${PODS_ROOT}/Manifest.lock\" > /dev/null\nif [ $? != 0 ] ; then\n    # print error to STDERR\n    echo \"error: The sandbox is not in sync with the Podfile.lock. Run 'pod install' or update your CocoaPods installation.\" >&2\n    exit 1\nfi\n# This output is used by Xcode 'outputs' to avoid re-running this script phase.\necho \"SUCCESS\" > \"${SCRIPT_OUTPUT_FILE_0}\"\n";
			showEnvVarsInLog = 0;
		};
		F50BF5B0676F41A429A76B37 /* [CP] Embed Pods Frameworks */ = {
			isa = PBXShellScriptBuildPhase;
			buildActionMask = 2147483647;
			files = (
			);
			inputFileListPaths = (
				"${PODS_ROOT}/Target Support Files/Pods-Dual/Pods-Dual-frameworks-${CONFIGURATION}-input-files.xcfilelist",
			);
			name = "[CP] Embed Pods Frameworks";
			outputFileListPaths = (
				"${PODS_ROOT}/Target Support Files/Pods-Dual/Pods-Dual-frameworks-${CONFIGURATION}-output-files.xcfilelist",
			);
			runOnlyForDeploymentPostprocessing = 0;
			shellPath = /bin/sh;
			shellScript = "\"${PODS_ROOT}/Target Support Files/Pods-Dual/Pods-Dual-frameworks.sh\"\n";
			showEnvVarsInLog = 0;
		};
/* End PBXShellScriptBuildPhase section */

/* Begin PBXSourcesBuildPhase section */
		6A6374F52518E16C0019A984 /* Sources */ = {
			isa = PBXSourcesBuildPhase;
			buildActionMask = 2147483647;
			files = (
				6A6082FC2547F60900E1A4B5 /* ChallengeVC.swift in Sources */,
				6ADC17AD256DD7DC0082B093 /* AllChallengeCell.swift in Sources */,
				6A85F0B42569385600A1FECB /* PendingTableViewCell.swift in Sources */,
				6A60849E254907A600E1A4B5 /* verificationView.swift in Sources */,
				6A608487254905D100E1A4B5 /* PhoneVerficationVC.swift in Sources */,
				6A85F0A4256934AD00A1FECB /* ChallengeModel.swift in Sources */,
				6A806134259FE043003299FC /* CommentVC.swift in Sources */,
				6ABF1DCB252CBEAD00D15D27 /* SwiftLoader.swift in Sources */,
				6A4077CF252959C20063F378 /* InterestedModel.swift in Sources */,
				6A98EC5D25671BC4002717ED /* ChallengesView.swift in Sources */,
				6A411B7625BCDF1D00364F15 /* FollowerVC.swift in Sources */,
				6A76906725202402009BFC21 /* modTxtField.swift in Sources */,
				6AD7CEB8252E692500E326F0 /* AddModel.swift in Sources */,
				6A6374FD2518E16C0019A984 /* AppDelegate.swift in Sources */,
				6A92A52625A3CCFB00D64A98 /* CommentModel.swift in Sources */,
				6ABD0A862544E76B004CD9D5 /* GradientNode.m in Sources */,
				6A30583125466DA40096BA1F /* PlayView.swift in Sources */,
				6A108DE7253D241A008996C3 /* VideoSettingVC.swift in Sources */,
				6A61DF0E2538AF050029399F /* HighlightsModel.swift in Sources */,
				6A6548AC25B3795A00021B34 /* reportView.swift in Sources */,
				6A30584E254785330096BA1F /* NormalLoginVC.swift in Sources */,
				6A1187B32532143F00494E0C /* MainAPIClient.swift in Sources */,
				6AC6F8172551B43B0065AD8F /* GeneralInfomationVC.swift in Sources */,
				6AD7CEC0252E693D00E326F0 /* AddCell.swift in Sources */,
				6A76906925202402009BFC21 /* CustomLabel.swift in Sources */,
				6A6D422625732F6900C234FD /* userHighlightsCollectionCell.swift in Sources */,
				6A92316A256DE29300B8839C /* UserProfileVC.swift in Sources */,
				6A92A5EA25A4376E00D64A98 /* CommentNode.swift in Sources */,
				6A115F5225373C2600A5BACA /* ProfileVC.swift in Sources */,
				6ABDB0A125B3645700C12C97 /* CWRateKitAnimationType.swift in Sources */,
				6A1A57CF253FD3D70037AEE0 /* FeedVC.swift in Sources */,
				6A1187E92534A2BF00494E0C /* DispatchQueue+Extensions.swift in Sources */,
				6A6084C62549E7D900E1A4B5 /* usernamePwdView.swift in Sources */,
				6A76906225202402009BFC21 /* RoundedView.swift in Sources */,
				6AC6F82025520F940065AD8F /* PasswordVC.swift in Sources */,
				6A3DEB7F25967EA1003E9148 /* Session+TypeAlias.swift in Sources */,
				6A76906825202402009BFC21 /* CommentTxtView.swift in Sources */,
				6AD84C352542080D001C3AA2 /* CategoryModel.swift in Sources */,
				6A6084A42549518600E1A4B5 /* DetailInfoVC.swift in Sources */,
				6A76906025202401009BFC21 /* avatarImgRendered.swift in Sources */,
				6A76906425202402009BFC21 /* circleView.swift in Sources */,
				6A76906625202402009BFC21 /* borderAvatarView.swift in Sources */,
				6A40786D252A5F6A0063F378 /* Constant.swift in Sources */,
				6A9AB37925748CDE00ACD29F /* EmailChangeVC.swift in Sources */,
				6A4077D825295E660063F378 /* InterestedCell.swift in Sources */,
				6A85F0C92569FB5300A1FECB /* ExpireTableViewCell.swift in Sources */,
				6ABD0A8B2544EC6F004CD9D5 /* ChallengeView.swift in Sources */,
				6A797BBE2529565500EB64D3 /* DataService.swift in Sources */,
				6AC6F829255243740065AD8F /* PhoneChangeVC.swift in Sources */,
				6A305842254731AC0096BA1F /* LoginVC.swift in Sources */,
				6A6548A525B3720800021B34 /* ReportVC.swift in Sources */,
				6A6084D52549ED2300E1A4B5 /* FinalInfoVC.swift in Sources */,
				6A76906C25202402009BFC21 /* ProfileView.swift in Sources */,
				6A797BC5252958A600EB64D3 /* InterestedVC.swift in Sources */,
				6ABD0A412544BC05004CD9D5 /* DetailView.swift in Sources */,
				6AB7354125433D16006EBBFA /* PostNode.swift in Sources */,
				6AC6F7CB2550EB050065AD8F /* SettingCell.swift in Sources */,
				6ADC17A4256DC4E90082B093 /* ViewAllChallengeVC.swift in Sources */,
				6A92A5DA25A42A9900D64A98 /* CommentView.swift in Sources */,
				6A6082EA2547AB4100E1A4B5 /* userNameView.swift in Sources */,
				6ACF220C25392D2B00B17D25 /* HighlightCollectionCell.swift in Sources */,
				6AC6F83225524EFE0065AD8F /* PhoneVerificationChangeVC.swift in Sources */,
				6A98EC6725672344002717ED /* Shadow.swift in Sources */,
				6A76906B25202402009BFC21 /* modifiedChooseCarView.swift in Sources */,
				6AC6F7902550E9620065AD8F /* SettingVC.swift in Sources */,
				6A9C4E1825982B3400B8D719 /* UserHighlightFeedVC.swift in Sources */,
				6A17CF10255789E400A5C40E /* EmailVerificationVC.swift in Sources */,
				6A6548BB25B3BEC400021B34 /* reportCell.swift in Sources */,
				6A47DE4725A19C680091D878 /* PresentationController.swift in Sources */,
				6A76906A25202402009BFC21 /* loginCardView.swift in Sources */,
				6A108DF0253D2EDB008996C3 /* VideoInformationVC.swift in Sources */,
				6A76905F25202401009BFC21 /* fancyBtn.swift in Sources */,
				6ABDB0A225B3645700C12C97 /* CWRateKitViewController.swift in Sources */,
				6A6084C02549CD3600E1A4B5 /* DetailInfo.swift in Sources */,
				6A30583C254713D50096BA1F /* LoginView.swift in Sources */,
				6A76906525202402009BFC21 /* RoundedLabel.swift in Sources */,
				6A52E33425CCF87000FFB4BB /* MessageVC.swift in Sources */,
				6A108DA0253C1A6A008996C3 /* EditVideoVC.swift in Sources */,
				6AD7CEC6252E93D700E326F0 /* HighlightVC.swift in Sources */,
				6A85F09E2568F86500A1FECB /* UIColor+Utils.swift in Sources */,
				6AD7CEAE252E67A900E326F0 /* AddVC.swift in Sources */,
				6ABF1DD5252CECFF00D15D27 /* HomePageVC.swift in Sources */,
				6A6082F32547E67700E1A4B5 /* PhoneBookModel.swift in Sources */,
				6A85F0C42569FB4000A1FECB /* ActiveTableViewCell.swift in Sources */,
				6AC6F8052551AE240065AD8F /* EditProfileVC.swift in Sources */,
				6ABDB0A325B3645700C12C97 /* CWRateKitViewControllerDelegate.swift in Sources */,
				6A6374FF2518E16C0019A984 /* SceneDelegate.swift in Sources */,
				6ABDB0A025B3645700C12C97 /* CWRateKitHapticMoments.swift in Sources */,
				6AC6F80E2551AFB70065AD8F /* EditProfileCell.swift in Sources */,
				6A3058602547904A0096BA1F /* PhoneView.swift in Sources */,
				6A76906325202402009BFC21 /* ModifiedSearchBar.swift in Sources */,
				6AD570BE2541535D004AC4D1 /* FeedCategoryCell.swift in Sources */,
				6A76906125202401009BFC21 /* Color.swift in Sources */,
			);
			runOnlyForDeploymentPostprocessing = 0;
		};
		6A63750B2518E16E0019A984 /* Sources */ = {
			isa = PBXSourcesBuildPhase;
			buildActionMask = 2147483647;
			files = (
				6A6375142518E16E0019A984 /* DualTests.swift in Sources */,
			);
			runOnlyForDeploymentPostprocessing = 0;
		};
		6A6375162518E16E0019A984 /* Sources */ = {
			isa = PBXSourcesBuildPhase;
			buildActionMask = 2147483647;
			files = (
				6A63751F2518E16E0019A984 /* DualUITests.swift in Sources */,
			);
			runOnlyForDeploymentPostprocessing = 0;
		};
/* End PBXSourcesBuildPhase section */

/* Begin PBXTargetDependency section */
		6A6375112518E16E0019A984 /* PBXTargetDependency */ = {
			isa = PBXTargetDependency;
			target = 6A6374F82518E16C0019A984 /* Dual */;
			targetProxy = 6A6375102518E16E0019A984 /* PBXContainerItemProxy */;
		};
		6A63751C2518E16E0019A984 /* PBXTargetDependency */ = {
			isa = PBXTargetDependency;
			target = 6A6374F82518E16C0019A984 /* Dual */;
			targetProxy = 6A63751B2518E16E0019A984 /* PBXContainerItemProxy */;
		};
/* End PBXTargetDependency section */

/* Begin PBXVariantGroup section */
		6A6375022518E16C0019A984 /* Main.storyboard */ = {
			isa = PBXVariantGroup;
			children = (
				6A6375032518E16C0019A984 /* Base */,
			);
			name = Main.storyboard;
			sourceTree = "<group>";
		};
		6A6375072518E16D0019A984 /* LaunchScreen.storyboard */ = {
			isa = PBXVariantGroup;
			children = (
				6A6375082518E16E0019A984 /* Base */,
			);
			name = LaunchScreen.storyboard;
			sourceTree = "<group>";
		};
/* End PBXVariantGroup section */

/* Begin XCBuildConfiguration section */
		6A6375212518E16E0019A984 /* Debug */ = {
			isa = XCBuildConfiguration;
			buildSettings = {
				ALWAYS_SEARCH_USER_PATHS = NO;
				CLANG_ANALYZER_NONNULL = YES;
				CLANG_ANALYZER_NUMBER_OBJECT_CONVERSION = YES_AGGRESSIVE;
				CLANG_CXX_LANGUAGE_STANDARD = "gnu++14";
				CLANG_CXX_LIBRARY = "libc++";
				CLANG_ENABLE_MODULES = YES;
				CLANG_ENABLE_OBJC_ARC = YES;
				CLANG_ENABLE_OBJC_WEAK = YES;
				CLANG_WARN_BLOCK_CAPTURE_AUTORELEASING = YES;
				CLANG_WARN_BOOL_CONVERSION = YES;
				CLANG_WARN_COMMA = YES;
				CLANG_WARN_CONSTANT_CONVERSION = YES;
				CLANG_WARN_DEPRECATED_OBJC_IMPLEMENTATIONS = YES;
				CLANG_WARN_DIRECT_OBJC_ISA_USAGE = YES_ERROR;
				CLANG_WARN_DOCUMENTATION_COMMENTS = YES;
				CLANG_WARN_EMPTY_BODY = YES;
				CLANG_WARN_ENUM_CONVERSION = YES;
				CLANG_WARN_INFINITE_RECURSION = YES;
				CLANG_WARN_INT_CONVERSION = YES;
				CLANG_WARN_NON_LITERAL_NULL_CONVERSION = YES;
				CLANG_WARN_OBJC_IMPLICIT_RETAIN_SELF = YES;
				CLANG_WARN_OBJC_LITERAL_CONVERSION = YES;
				CLANG_WARN_OBJC_ROOT_CLASS = YES_ERROR;
				CLANG_WARN_QUOTED_INCLUDE_IN_FRAMEWORK_HEADER = YES;
				CLANG_WARN_RANGE_LOOP_ANALYSIS = YES;
				CLANG_WARN_STRICT_PROTOTYPES = YES;
				CLANG_WARN_SUSPICIOUS_MOVE = YES;
				CLANG_WARN_UNGUARDED_AVAILABILITY = YES_AGGRESSIVE;
				CLANG_WARN_UNREACHABLE_CODE = YES;
				CLANG_WARN__DUPLICATE_METHOD_MATCH = YES;
				COPY_PHASE_STRIP = NO;
				DEBUG_INFORMATION_FORMAT = dwarf;
				ENABLE_STRICT_OBJC_MSGSEND = YES;
				ENABLE_TESTABILITY = YES;
				GCC_C_LANGUAGE_STANDARD = gnu11;
				GCC_DYNAMIC_NO_PIC = NO;
				GCC_NO_COMMON_BLOCKS = YES;
				GCC_OPTIMIZATION_LEVEL = 0;
				GCC_PREPROCESSOR_DEFINITIONS = (
					"DEBUG=1",
					"$(inherited)",
				);
				GCC_WARN_64_TO_32_BIT_CONVERSION = YES;
				GCC_WARN_ABOUT_RETURN_TYPE = YES_ERROR;
				GCC_WARN_UNDECLARED_SELECTOR = YES;
				GCC_WARN_UNINITIALIZED_AUTOS = YES_AGGRESSIVE;
				GCC_WARN_UNUSED_FUNCTION = YES;
				GCC_WARN_UNUSED_VARIABLE = YES;
				IPHONEOS_DEPLOYMENT_TARGET = 11.0;
				MTL_ENABLE_DEBUG_INFO = INCLUDE_SOURCE;
				MTL_FAST_MATH = YES;
				ONLY_ACTIVE_ARCH = YES;
				SDKROOT = iphoneos;
				SWIFT_ACTIVE_COMPILATION_CONDITIONS = DEBUG;
				SWIFT_OPTIMIZATION_LEVEL = "-Onone";
			};
			name = Debug;
		};
		6A6375222518E16E0019A984 /* Release */ = {
			isa = XCBuildConfiguration;
			buildSettings = {
				ALWAYS_SEARCH_USER_PATHS = NO;
				CLANG_ANALYZER_NONNULL = YES;
				CLANG_ANALYZER_NUMBER_OBJECT_CONVERSION = YES_AGGRESSIVE;
				CLANG_CXX_LANGUAGE_STANDARD = "gnu++14";
				CLANG_CXX_LIBRARY = "libc++";
				CLANG_ENABLE_MODULES = YES;
				CLANG_ENABLE_OBJC_ARC = YES;
				CLANG_ENABLE_OBJC_WEAK = YES;
				CLANG_WARN_BLOCK_CAPTURE_AUTORELEASING = YES;
				CLANG_WARN_BOOL_CONVERSION = YES;
				CLANG_WARN_COMMA = YES;
				CLANG_WARN_CONSTANT_CONVERSION = YES;
				CLANG_WARN_DEPRECATED_OBJC_IMPLEMENTATIONS = YES;
				CLANG_WARN_DIRECT_OBJC_ISA_USAGE = YES_ERROR;
				CLANG_WARN_DOCUMENTATION_COMMENTS = YES;
				CLANG_WARN_EMPTY_BODY = YES;
				CLANG_WARN_ENUM_CONVERSION = YES;
				CLANG_WARN_INFINITE_RECURSION = YES;
				CLANG_WARN_INT_CONVERSION = YES;
				CLANG_WARN_NON_LITERAL_NULL_CONVERSION = YES;
				CLANG_WARN_OBJC_IMPLICIT_RETAIN_SELF = YES;
				CLANG_WARN_OBJC_LITERAL_CONVERSION = YES;
				CLANG_WARN_OBJC_ROOT_CLASS = YES_ERROR;
				CLANG_WARN_QUOTED_INCLUDE_IN_FRAMEWORK_HEADER = YES;
				CLANG_WARN_RANGE_LOOP_ANALYSIS = YES;
				CLANG_WARN_STRICT_PROTOTYPES = YES;
				CLANG_WARN_SUSPICIOUS_MOVE = YES;
				CLANG_WARN_UNGUARDED_AVAILABILITY = YES_AGGRESSIVE;
				CLANG_WARN_UNREACHABLE_CODE = YES;
				CLANG_WARN__DUPLICATE_METHOD_MATCH = YES;
				COPY_PHASE_STRIP = NO;
				DEBUG_INFORMATION_FORMAT = "dwarf-with-dsym";
				ENABLE_NS_ASSERTIONS = NO;
				ENABLE_STRICT_OBJC_MSGSEND = YES;
				GCC_C_LANGUAGE_STANDARD = gnu11;
				GCC_NO_COMMON_BLOCKS = YES;
				GCC_WARN_64_TO_32_BIT_CONVERSION = YES;
				GCC_WARN_ABOUT_RETURN_TYPE = YES_ERROR;
				GCC_WARN_UNDECLARED_SELECTOR = YES;
				GCC_WARN_UNINITIALIZED_AUTOS = YES_AGGRESSIVE;
				GCC_WARN_UNUSED_FUNCTION = YES;
				GCC_WARN_UNUSED_VARIABLE = YES;
				IPHONEOS_DEPLOYMENT_TARGET = 11.0;
				MTL_ENABLE_DEBUG_INFO = NO;
				MTL_FAST_MATH = YES;
				SDKROOT = iphoneos;
				SWIFT_COMPILATION_MODE = wholemodule;
				SWIFT_OPTIMIZATION_LEVEL = "-O";
				VALIDATE_PRODUCT = YES;
			};
			name = Release;
		};
		6A6375242518E16E0019A984 /* Debug */ = {
			isa = XCBuildConfiguration;
			baseConfigurationReference = 0F9F5A47AC31A5753D688497 /* Pods-Dual.debug.xcconfig */;
			buildSettings = {
				ASSETCATALOG_COMPILER_APPICON_NAME = AppIcon;
				ASSETCATALOG_COMPILER_GLOBAL_ACCENT_COLOR_NAME = AccentColor;
				CLANG_ENABLE_MODULES = YES;
				CODE_SIGN_ENTITLEMENTS = Dual/Dual.entitlements;
				CODE_SIGN_STYLE = Automatic;
				DEVELOPMENT_TEAM = SZJV9V2BS9;
				INFOPLIST_FILE = Dual/Plist/Info.plist;
				IPHONEOS_DEPLOYMENT_TARGET = 11.0;
				LD_RUNPATH_SEARCH_PATHS = (
					"$(inherited)",
					"@executable_path/Frameworks",
				);
				PRODUCT_BUNDLE_IDENTIFIER = Dual.LLC.Dual;
				PRODUCT_NAME = "$(TARGET_NAME)";
				SWIFT_OBJC_BRIDGING_HEADER = "Dual/Bridging-Header/Dual-Bridging-Header.h";
				SWIFT_OPTIMIZATION_LEVEL = "-Onone";
				SWIFT_VERSION = 5.0;
				TARGETED_DEVICE_FAMILY = 1;
			};
			name = Debug;
		};
		6A6375252518E16E0019A984 /* Release */ = {
			isa = XCBuildConfiguration;
			baseConfigurationReference = C738436B411B8E98E89CB62C /* Pods-Dual.release.xcconfig */;
			buildSettings = {
				ASSETCATALOG_COMPILER_APPICON_NAME = AppIcon;
				ASSETCATALOG_COMPILER_GLOBAL_ACCENT_COLOR_NAME = AccentColor;
				CLANG_ENABLE_MODULES = YES;
				CODE_SIGN_ENTITLEMENTS = Dual/Dual.entitlements;
				CODE_SIGN_STYLE = Automatic;
				DEVELOPMENT_TEAM = SZJV9V2BS9;
				INFOPLIST_FILE = Dual/Plist/Info.plist;
				IPHONEOS_DEPLOYMENT_TARGET = 11.0;
				LD_RUNPATH_SEARCH_PATHS = (
					"$(inherited)",
					"@executable_path/Frameworks",
				);
				PRODUCT_BUNDLE_IDENTIFIER = Dual.LLC.Dual;
				PRODUCT_NAME = "$(TARGET_NAME)";
				SWIFT_OBJC_BRIDGING_HEADER = "Dual/Bridging-Header/Dual-Bridging-Header.h";
				SWIFT_VERSION = 5.0;
				TARGETED_DEVICE_FAMILY = 1;
			};
			name = Release;
		};
		6A6375272518E16E0019A984 /* Debug */ = {
			isa = XCBuildConfiguration;
			baseConfigurationReference = 02FC309F575B641CA95A31E9 /* Pods-DualTests.debug.xcconfig */;
			buildSettings = {
				ALWAYS_EMBED_SWIFT_STANDARD_LIBRARIES = YES;
				BUNDLE_LOADER = "$(TEST_HOST)";
				CODE_SIGN_STYLE = Automatic;
				DEVELOPMENT_TEAM = LXVXS9V5X7;
				INFOPLIST_FILE = DualTests/Info.plist;
				IPHONEOS_DEPLOYMENT_TARGET = 14.0;
				LD_RUNPATH_SEARCH_PATHS = (
					"$(inherited)",
					"@executable_path/Frameworks",
					"@loader_path/Frameworks",
				);
				PRODUCT_BUNDLE_IDENTIFIER = Dual.LLC.DualTests;
				PRODUCT_NAME = "$(TARGET_NAME)";
				SWIFT_VERSION = 5.0;
				TARGETED_DEVICE_FAMILY = "1,2";
				TEST_HOST = "$(BUILT_PRODUCTS_DIR)/Dual.app/Dual";
			};
			name = Debug;
		};
		6A6375282518E16E0019A984 /* Release */ = {
			isa = XCBuildConfiguration;
			baseConfigurationReference = ED817C92244ACC16B1A471A1 /* Pods-DualTests.release.xcconfig */;
			buildSettings = {
				ALWAYS_EMBED_SWIFT_STANDARD_LIBRARIES = YES;
				BUNDLE_LOADER = "$(TEST_HOST)";
				CODE_SIGN_STYLE = Automatic;
				DEVELOPMENT_TEAM = LXVXS9V5X7;
				INFOPLIST_FILE = DualTests/Info.plist;
				IPHONEOS_DEPLOYMENT_TARGET = 14.0;
				LD_RUNPATH_SEARCH_PATHS = (
					"$(inherited)",
					"@executable_path/Frameworks",
					"@loader_path/Frameworks",
				);
				PRODUCT_BUNDLE_IDENTIFIER = Dual.LLC.DualTests;
				PRODUCT_NAME = "$(TARGET_NAME)";
				SWIFT_VERSION = 5.0;
				TARGETED_DEVICE_FAMILY = "1,2";
				TEST_HOST = "$(BUILT_PRODUCTS_DIR)/Dual.app/Dual";
			};
			name = Release;
		};
		6A63752A2518E16E0019A984 /* Debug */ = {
			isa = XCBuildConfiguration;
			baseConfigurationReference = BE0D507066F2A288B292163A /* Pods-Dual-DualUITests.debug.xcconfig */;
			buildSettings = {
				ALWAYS_EMBED_SWIFT_STANDARD_LIBRARIES = YES;
				CODE_SIGN_STYLE = Automatic;
				DEVELOPMENT_TEAM = LXVXS9V5X7;
				INFOPLIST_FILE = DualUITests/Info.plist;
				LD_RUNPATH_SEARCH_PATHS = (
					"$(inherited)",
					"@executable_path/Frameworks",
					"@loader_path/Frameworks",
				);
				PRODUCT_BUNDLE_IDENTIFIER = Dual.LLC.DualUITests;
				PRODUCT_NAME = "$(TARGET_NAME)";
				SWIFT_VERSION = 5.0;
				TARGETED_DEVICE_FAMILY = "1,2";
				TEST_TARGET_NAME = Dual;
			};
			name = Debug;
		};
		6A63752B2518E16E0019A984 /* Release */ = {
			isa = XCBuildConfiguration;
			baseConfigurationReference = ECBE5FE94E524DDB0B7BE39F /* Pods-Dual-DualUITests.release.xcconfig */;
			buildSettings = {
				ALWAYS_EMBED_SWIFT_STANDARD_LIBRARIES = YES;
				CODE_SIGN_STYLE = Automatic;
				DEVELOPMENT_TEAM = LXVXS9V5X7;
				INFOPLIST_FILE = DualUITests/Info.plist;
				LD_RUNPATH_SEARCH_PATHS = (
					"$(inherited)",
					"@executable_path/Frameworks",
					"@loader_path/Frameworks",
				);
				PRODUCT_BUNDLE_IDENTIFIER = Dual.LLC.DualUITests;
				PRODUCT_NAME = "$(TARGET_NAME)";
				SWIFT_VERSION = 5.0;
				TARGETED_DEVICE_FAMILY = "1,2";
				TEST_TARGET_NAME = Dual;
			};
			name = Release;
		};
/* End XCBuildConfiguration section */

/* Begin XCConfigurationList section */
		6A6374F42518E16C0019A984 /* Build configuration list for PBXProject "Dual" */ = {
			isa = XCConfigurationList;
			buildConfigurations = (
				6A6375212518E16E0019A984 /* Debug */,
				6A6375222518E16E0019A984 /* Release */,
			);
			defaultConfigurationIsVisible = 0;
			defaultConfigurationName = Release;
		};
		6A6375232518E16E0019A984 /* Build configuration list for PBXNativeTarget "Dual" */ = {
			isa = XCConfigurationList;
			buildConfigurations = (
				6A6375242518E16E0019A984 /* Debug */,
				6A6375252518E16E0019A984 /* Release */,
			);
			defaultConfigurationIsVisible = 0;
			defaultConfigurationName = Release;
		};
		6A6375262518E16E0019A984 /* Build configuration list for PBXNativeTarget "DualTests" */ = {
			isa = XCConfigurationList;
			buildConfigurations = (
				6A6375272518E16E0019A984 /* Debug */,
				6A6375282518E16E0019A984 /* Release */,
			);
			defaultConfigurationIsVisible = 0;
			defaultConfigurationName = Release;
		};
		6A6375292518E16E0019A984 /* Build configuration list for PBXNativeTarget "DualUITests" */ = {
			isa = XCConfigurationList;
			buildConfigurations = (
				6A63752A2518E16E0019A984 /* Debug */,
				6A63752B2518E16E0019A984 /* Release */,
			);
			defaultConfigurationIsVisible = 0;
			defaultConfigurationName = Release;
		};
/* End XCConfigurationList section */
	};
	rootObject = 6A6374F12518E16C0019A984 /* Project object */;
}
