// !$*UTF8*$!
{
	archiveVersion = 1;
	classes = {
	};
	objectVersion = 51;
	objects = {

/* Begin PBXBuildFile section */
		22F107ED427A9C08C59FBDF5 /* Pods_DualTests.framework in Frameworks */ = {isa = PBXBuildFile; fileRef = D670D175C5BC67FCBD342BD0 /* Pods_DualTests.framework */; };
		3A0EA2F9B4D8524F750DAB49 /* Pods_Dual_DualUITests.framework in Frameworks */ = {isa = PBXBuildFile; fileRef = 1A2DDEC341D2E94BE62C34D0 /* Pods_Dual_DualUITests.framework */; };
		6A1187B32532143F00494E0C /* MainAPIClient.swift in Sources */ = {isa = PBXBuildFile; fileRef = 6A1187B22532143F00494E0C /* MainAPIClient.swift */; };
		6A1187E92534A2BF00494E0C /* DispatchQueue+Extensions.swift in Sources */ = {isa = PBXBuildFile; fileRef = 6A1187E82534A2BF00494E0C /* DispatchQueue+Extensions.swift */; };
		6A20DC67251ADC1600E89BAE /* GoogleService-Info.plist in Resources */ = {isa = PBXBuildFile; fileRef = 6A20DC66251ADC1600E89BAE /* GoogleService-Info.plist */; };
		6A4077CF252959C20063F378 /* InterestedModel.swift in Sources */ = {isa = PBXBuildFile; fileRef = 6A4077CE252959C20063F378 /* InterestedModel.swift */; };
		6A4077D825295E660063F378 /* InterestedCell.swift in Sources */ = {isa = PBXBuildFile; fileRef = 6A4077D725295E660063F378 /* InterestedCell.swift */; };
		6A407865252A12A80063F378 /* PinterestLayout.swift in Sources */ = {isa = PBXBuildFile; fileRef = 6A407864252A12A80063F378 /* PinterestLayout.swift */; };
		6A40786D252A5F6A0063F378 /* Constant.swift in Sources */ = {isa = PBXBuildFile; fileRef = 6A40786C252A5F6A0063F378 /* Constant.swift */; };
		6A407C2D252A715D0063F378 /* User.swift in Sources */ = {isa = PBXBuildFile; fileRef = 6A407C2C252A715D0063F378 /* User.swift */; };
		6A6374FD2518E16C0019A984 /* AppDelegate.swift in Sources */ = {isa = PBXBuildFile; fileRef = 6A6374FC2518E16C0019A984 /* AppDelegate.swift */; };
		6A6374FF2518E16C0019A984 /* SceneDelegate.swift in Sources */ = {isa = PBXBuildFile; fileRef = 6A6374FE2518E16C0019A984 /* SceneDelegate.swift */; };
		6A6375042518E16C0019A984 /* Main.storyboard in Resources */ = {isa = PBXBuildFile; fileRef = 6A6375022518E16C0019A984 /* Main.storyboard */; };
		6A6375062518E16D0019A984 /* Assets.xcassets in Resources */ = {isa = PBXBuildFile; fileRef = 6A6375052518E16D0019A984 /* Assets.xcassets */; };
		6A6375092518E16E0019A984 /* LaunchScreen.storyboard in Resources */ = {isa = PBXBuildFile; fileRef = 6A6375072518E16D0019A984 /* LaunchScreen.storyboard */; };
		6A6375142518E16E0019A984 /* DualTests.swift in Sources */ = {isa = PBXBuildFile; fileRef = 6A6375132518E16E0019A984 /* DualTests.swift */; };
		6A63751F2518E16E0019A984 /* DualUITests.swift in Sources */ = {isa = PBXBuildFile; fileRef = 6A63751E2518E16E0019A984 /* DualUITests.swift */; };
		6A76905F25202401009BFC21 /* fancyBtn.swift in Sources */ = {isa = PBXBuildFile; fileRef = 6A769051252023FF009BFC21 /* fancyBtn.swift */; };
		6A76906025202401009BFC21 /* avatarImgRendered.swift in Sources */ = {isa = PBXBuildFile; fileRef = 6A769052252023FF009BFC21 /* avatarImgRendered.swift */; };
		6A76906125202401009BFC21 /* Color.swift in Sources */ = {isa = PBXBuildFile; fileRef = 6A769053252023FF009BFC21 /* Color.swift */; };
		6A76906225202402009BFC21 /* RoundedView.swift in Sources */ = {isa = PBXBuildFile; fileRef = 6A76905425202400009BFC21 /* RoundedView.swift */; };
		6A76906325202402009BFC21 /* ModifiedSearchBar.swift in Sources */ = {isa = PBXBuildFile; fileRef = 6A76905525202400009BFC21 /* ModifiedSearchBar.swift */; };
		6A76906425202402009BFC21 /* circleView.swift in Sources */ = {isa = PBXBuildFile; fileRef = 6A76905625202400009BFC21 /* circleView.swift */; };
		6A76906525202402009BFC21 /* RoundedLabel.swift in Sources */ = {isa = PBXBuildFile; fileRef = 6A76905725202400009BFC21 /* RoundedLabel.swift */; };
		6A76906625202402009BFC21 /* borderAvatarView.swift in Sources */ = {isa = PBXBuildFile; fileRef = 6A76905825202400009BFC21 /* borderAvatarView.swift */; };
		6A76906725202402009BFC21 /* modTxtField.swift in Sources */ = {isa = PBXBuildFile; fileRef = 6A76905925202401009BFC21 /* modTxtField.swift */; };
		6A76906825202402009BFC21 /* CommentTxtView.swift in Sources */ = {isa = PBXBuildFile; fileRef = 6A76905A25202401009BFC21 /* CommentTxtView.swift */; };
		6A76906925202402009BFC21 /* CustomLabel.swift in Sources */ = {isa = PBXBuildFile; fileRef = 6A76905B25202401009BFC21 /* CustomLabel.swift */; };
		6A76906A25202402009BFC21 /* defaultCardView.swift in Sources */ = {isa = PBXBuildFile; fileRef = 6A76905C25202401009BFC21 /* defaultCardView.swift */; };
		6A76906B25202402009BFC21 /* modifiedChooseCarView.swift in Sources */ = {isa = PBXBuildFile; fileRef = 6A76905D25202401009BFC21 /* modifiedChooseCarView.swift */; };
		6A76906C25202402009BFC21 /* ProfileView.swift in Sources */ = {isa = PBXBuildFile; fileRef = 6A76905E25202401009BFC21 /* ProfileView.swift */; };
		6A797BBE2529565500EB64D3 /* DataService.swift in Sources */ = {isa = PBXBuildFile; fileRef = 6A797BBD2529565500EB64D3 /* DataService.swift */; };
		6A797BC5252958A600EB64D3 /* InterestedVC.swift in Sources */ = {isa = PBXBuildFile; fileRef = 6A797BC4252958A600EB64D3 /* InterestedVC.swift */; };
		6ABF1DCB252CBEAD00D15D27 /* SwiftLoader.swift in Sources */ = {isa = PBXBuildFile; fileRef = 6ABF1DCA252CBEAC00D15D27 /* SwiftLoader.swift */; };
		6ABF1DD5252CECFF00D15D27 /* HomePageVC.swift in Sources */ = {isa = PBXBuildFile; fileRef = 6ABF1DD4252CECFF00D15D27 /* HomePageVC.swift */; };
		6AC5481D2530F98C00999916 /* Session+TypeAlias.swift in Sources */ = {isa = PBXBuildFile; fileRef = 6AC5481C2530F98C00999916 /* Session+TypeAlias.swift */; };
		6AD7CEAE252E67A900E326F0 /* AddVC.swift in Sources */ = {isa = PBXBuildFile; fileRef = 6AD7CEAD252E67A900E326F0 /* AddVC.swift */; };
		6AD7CEB8252E692500E326F0 /* AddModel.swift in Sources */ = {isa = PBXBuildFile; fileRef = 6AD7CEB7252E692500E326F0 /* AddModel.swift */; };
		6AD7CEC0252E693D00E326F0 /* AddCell.swift in Sources */ = {isa = PBXBuildFile; fileRef = 6AD7CEBF252E693D00E326F0 /* AddCell.swift */; };
		6AD7CEC6252E93D700E326F0 /* HighlightVC.swift in Sources */ = {isa = PBXBuildFile; fileRef = 6AD7CEC5252E93D700E326F0 /* HighlightVC.swift */; };
		7036350CDF3355B6639CBD1C /* Pods_Dual.framework in Frameworks */ = {isa = PBXBuildFile; fileRef = E84A89F2F82F3717F7440929 /* Pods_Dual.framework */; };
/* End PBXBuildFile section */

/* Begin PBXContainerItemProxy section */
		6A6375102518E16E0019A984 /* PBXContainerItemProxy */ = {
			isa = PBXContainerItemProxy;
			containerPortal = 6A6374F12518E16C0019A984 /* Project object */;
			proxyType = 1;
			remoteGlobalIDString = 6A6374F82518E16C0019A984;
			remoteInfo = Dual;
		};
		6A63751B2518E16E0019A984 /* PBXContainerItemProxy */ = {
			isa = PBXContainerItemProxy;
			containerPortal = 6A6374F12518E16C0019A984 /* Project object */;
			proxyType = 1;
			remoteGlobalIDString = 6A6374F82518E16C0019A984;
			remoteInfo = Dual;
		};
/* End PBXContainerItemProxy section */

/* Begin PBXFileReference section */
		08075EFC711911ACB2671BE8 /* Pods-DualTests.release.xcconfig */ = {isa = PBXFileReference; includeInIndex = 1; lastKnownFileType = text.xcconfig; name = "Pods-DualTests.release.xcconfig"; path = "Target Support Files/Pods-DualTests/Pods-DualTests.release.xcconfig"; sourceTree = "<group>"; };
		1A2DDEC341D2E94BE62C34D0 /* Pods_Dual_DualUITests.framework */ = {isa = PBXFileReference; explicitFileType = wrapper.framework; includeInIndex = 0; path = Pods_Dual_DualUITests.framework; sourceTree = BUILT_PRODUCTS_DIR; };
		25939E169FCFB738546AA479 /* Pods-Dual-DualUITests.release.xcconfig */ = {isa = PBXFileReference; includeInIndex = 1; lastKnownFileType = text.xcconfig; name = "Pods-Dual-DualUITests.release.xcconfig"; path = "Target Support Files/Pods-Dual-DualUITests/Pods-Dual-DualUITests.release.xcconfig"; sourceTree = "<group>"; };
		49285731ECDE80F93DA966F4 /* Pods-DualTests.debug.xcconfig */ = {isa = PBXFileReference; includeInIndex = 1; lastKnownFileType = text.xcconfig; name = "Pods-DualTests.debug.xcconfig"; path = "Target Support Files/Pods-DualTests/Pods-DualTests.debug.xcconfig"; sourceTree = "<group>"; };
		6A1187B22532143F00494E0C /* MainAPIClient.swift */ = {isa = PBXFileReference; fileEncoding = 4; lastKnownFileType = sourcecode.swift; path = MainAPIClient.swift; sourceTree = "<group>"; };
		6A1187E82534A2BF00494E0C /* DispatchQueue+Extensions.swift */ = {isa = PBXFileReference; lastKnownFileType = sourcecode.swift; path = "DispatchQueue+Extensions.swift"; sourceTree = "<group>"; };
		6A20DC66251ADC1600E89BAE /* GoogleService-Info.plist */ = {isa = PBXFileReference; fileEncoding = 4; lastKnownFileType = text.plist.xml; path = "GoogleService-Info.plist"; sourceTree = "<group>"; };
		6A4077CE252959C20063F378 /* InterestedModel.swift */ = {isa = PBXFileReference; lastKnownFileType = sourcecode.swift; path = InterestedModel.swift; sourceTree = "<group>"; };
		6A4077D725295E660063F378 /* InterestedCell.swift */ = {isa = PBXFileReference; lastKnownFileType = sourcecode.swift; path = InterestedCell.swift; sourceTree = "<group>"; };
		6A407864252A12A80063F378 /* PinterestLayout.swift */ = {isa = PBXFileReference; fileEncoding = 4; lastKnownFileType = sourcecode.swift; path = PinterestLayout.swift; sourceTree = "<group>"; };
		6A40786C252A5F6A0063F378 /* Constant.swift */ = {isa = PBXFileReference; lastKnownFileType = sourcecode.swift; path = Constant.swift; sourceTree = "<group>"; };
		6A407C2C252A715D0063F378 /* User.swift */ = {isa = PBXFileReference; lastKnownFileType = sourcecode.swift; name = User.swift; path = Dual/Constant/User.swift; sourceTree = SOURCE_ROOT; };
		6A6374F92518E16C0019A984 /* Dual.app */ = {isa = PBXFileReference; explicitFileType = wrapper.application; includeInIndex = 0; path = Dual.app; sourceTree = BUILT_PRODUCTS_DIR; };
		6A6374FC2518E16C0019A984 /* AppDelegate.swift */ = {isa = PBXFileReference; lastKnownFileType = sourcecode.swift; path = AppDelegate.swift; sourceTree = "<group>"; };
		6A6374FE2518E16C0019A984 /* SceneDelegate.swift */ = {isa = PBXFileReference; lastKnownFileType = sourcecode.swift; path = SceneDelegate.swift; sourceTree = "<group>"; };
		6A6375032518E16C0019A984 /* Base */ = {isa = PBXFileReference; lastKnownFileType = file.storyboard; name = Base; path = Base.lproj/Main.storyboard; sourceTree = "<group>"; };
		6A6375052518E16D0019A984 /* Assets.xcassets */ = {isa = PBXFileReference; lastKnownFileType = folder.assetcatalog; path = Assets.xcassets; sourceTree = "<group>"; };
		6A6375082518E16E0019A984 /* Base */ = {isa = PBXFileReference; lastKnownFileType = file.storyboard; name = Base; path = Base.lproj/LaunchScreen.storyboard; sourceTree = "<group>"; };
		6A63750A2518E16E0019A984 /* Info.plist */ = {isa = PBXFileReference; lastKnownFileType = text.plist.xml; path = Info.plist; sourceTree = "<group>"; };
		6A63750F2518E16E0019A984 /* DualTests.xctest */ = {isa = PBXFileReference; explicitFileType = wrapper.cfbundle; includeInIndex = 0; path = DualTests.xctest; sourceTree = BUILT_PRODUCTS_DIR; };
		6A6375132518E16E0019A984 /* DualTests.swift */ = {isa = PBXFileReference; lastKnownFileType = sourcecode.swift; path = DualTests.swift; sourceTree = "<group>"; };
		6A6375152518E16E0019A984 /* Info.plist */ = {isa = PBXFileReference; lastKnownFileType = text.plist.xml; path = Info.plist; sourceTree = "<group>"; };
		6A63751A2518E16E0019A984 /* DualUITests.xctest */ = {isa = PBXFileReference; explicitFileType = wrapper.cfbundle; includeInIndex = 0; path = DualUITests.xctest; sourceTree = BUILT_PRODUCTS_DIR; };
		6A63751E2518E16E0019A984 /* DualUITests.swift */ = {isa = PBXFileReference; lastKnownFileType = sourcecode.swift; path = DualUITests.swift; sourceTree = "<group>"; };
		6A6375202518E16E0019A984 /* Info.plist */ = {isa = PBXFileReference; lastKnownFileType = text.plist.xml; path = Info.plist; sourceTree = "<group>"; };
		6A769051252023FF009BFC21 /* fancyBtn.swift */ = {isa = PBXFileReference; fileEncoding = 4; lastKnownFileType = sourcecode.swift; path = fancyBtn.swift; sourceTree = "<group>"; };
		6A769052252023FF009BFC21 /* avatarImgRendered.swift */ = {isa = PBXFileReference; fileEncoding = 4; lastKnownFileType = sourcecode.swift; path = avatarImgRendered.swift; sourceTree = "<group>"; };
		6A769053252023FF009BFC21 /* Color.swift */ = {isa = PBXFileReference; fileEncoding = 4; lastKnownFileType = sourcecode.swift; path = Color.swift; sourceTree = "<group>"; };
		6A76905425202400009BFC21 /* RoundedView.swift */ = {isa = PBXFileReference; fileEncoding = 4; lastKnownFileType = sourcecode.swift; path = RoundedView.swift; sourceTree = "<group>"; };
		6A76905525202400009BFC21 /* ModifiedSearchBar.swift */ = {isa = PBXFileReference; fileEncoding = 4; lastKnownFileType = sourcecode.swift; path = ModifiedSearchBar.swift; sourceTree = "<group>"; };
		6A76905625202400009BFC21 /* circleView.swift */ = {isa = PBXFileReference; fileEncoding = 4; lastKnownFileType = sourcecode.swift; path = circleView.swift; sourceTree = "<group>"; };
		6A76905725202400009BFC21 /* RoundedLabel.swift */ = {isa = PBXFileReference; fileEncoding = 4; lastKnownFileType = sourcecode.swift; path = RoundedLabel.swift; sourceTree = "<group>"; };
		6A76905825202400009BFC21 /* borderAvatarView.swift */ = {isa = PBXFileReference; fileEncoding = 4; lastKnownFileType = sourcecode.swift; path = borderAvatarView.swift; sourceTree = "<group>"; };
		6A76905925202401009BFC21 /* modTxtField.swift */ = {isa = PBXFileReference; fileEncoding = 4; lastKnownFileType = sourcecode.swift; path = modTxtField.swift; sourceTree = "<group>"; };
		6A76905A25202401009BFC21 /* CommentTxtView.swift */ = {isa = PBXFileReference; fileEncoding = 4; lastKnownFileType = sourcecode.swift; path = CommentTxtView.swift; sourceTree = "<group>"; };
		6A76905B25202401009BFC21 /* CustomLabel.swift */ = {isa = PBXFileReference; fileEncoding = 4; lastKnownFileType = sourcecode.swift; path = CustomLabel.swift; sourceTree = "<group>"; };
		6A76905C25202401009BFC21 /* defaultCardView.swift */ = {isa = PBXFileReference; fileEncoding = 4; lastKnownFileType = sourcecode.swift; path = defaultCardView.swift; sourceTree = "<group>"; };
		6A76905D25202401009BFC21 /* modifiedChooseCarView.swift */ = {isa = PBXFileReference; fileEncoding = 4; lastKnownFileType = sourcecode.swift; path = modifiedChooseCarView.swift; sourceTree = "<group>"; };
		6A76905E25202401009BFC21 /* ProfileView.swift */ = {isa = PBXFileReference; fileEncoding = 4; lastKnownFileType = sourcecode.swift; path = ProfileView.swift; sourceTree = "<group>"; };
		6A797BBD2529565500EB64D3 /* DataService.swift */ = {isa = PBXFileReference; fileEncoding = 4; lastKnownFileType = sourcecode.swift; path = DataService.swift; sourceTree = "<group>"; };
		6A797BC4252958A600EB64D3 /* InterestedVC.swift */ = {isa = PBXFileReference; lastKnownFileType = sourcecode.swift; path = InterestedVC.swift; sourceTree = "<group>"; };
		6ABF1DCA252CBEAC00D15D27 /* SwiftLoader.swift */ = {isa = PBXFileReference; fileEncoding = 4; lastKnownFileType = sourcecode.swift; path = SwiftLoader.swift; sourceTree = "<group>"; };
		6ABF1DD4252CECFF00D15D27 /* HomePageVC.swift */ = {isa = PBXFileReference; lastKnownFileType = sourcecode.swift; path = HomePageVC.swift; sourceTree = "<group>"; };
		6AC5481C2530F98C00999916 /* Session+TypeAlias.swift */ = {isa = PBXFileReference; lastKnownFileType = sourcecode.swift; name = "Session+TypeAlias.swift"; path = "Dual/VC/Main VC/AddVC/HighlightVC/Session+TypeAlias.swift"; sourceTree = SOURCE_ROOT; };
		6AD7CEAD252E67A900E326F0 /* AddVC.swift */ = {isa = PBXFileReference; lastKnownFileType = sourcecode.swift; path = AddVC.swift; sourceTree = "<group>"; };
		6AD7CEB7252E692500E326F0 /* AddModel.swift */ = {isa = PBXFileReference; lastKnownFileType = sourcecode.swift; path = AddModel.swift; sourceTree = "<group>"; };
		6AD7CEBF252E693D00E326F0 /* AddCell.swift */ = {isa = PBXFileReference; lastKnownFileType = sourcecode.swift; path = AddCell.swift; sourceTree = "<group>"; };
		6AD7CEC5252E93D700E326F0 /* HighlightVC.swift */ = {isa = PBXFileReference; lastKnownFileType = sourcecode.swift; path = HighlightVC.swift; sourceTree = "<group>"; };
		7650EE90A8BB25140C57FFCE /* Pods-Dual.debug.xcconfig */ = {isa = PBXFileReference; includeInIndex = 1; lastKnownFileType = text.xcconfig; name = "Pods-Dual.debug.xcconfig"; path = "Target Support Files/Pods-Dual/Pods-Dual.debug.xcconfig"; sourceTree = "<group>"; };
		B0FB5BC1CBE42F6B82AFA481 /* Pods-Dual-DualUITests.debug.xcconfig */ = {isa = PBXFileReference; includeInIndex = 1; lastKnownFileType = text.xcconfig; name = "Pods-Dual-DualUITests.debug.xcconfig"; path = "Target Support Files/Pods-Dual-DualUITests/Pods-Dual-DualUITests.debug.xcconfig"; sourceTree = "<group>"; };
		D0587FDFB96A1D14CAA1CDD0 /* Pods-Dual.release.xcconfig */ = {isa = PBXFileReference; includeInIndex = 1; lastKnownFileType = text.xcconfig; name = "Pods-Dual.release.xcconfig"; path = "Target Support Files/Pods-Dual/Pods-Dual.release.xcconfig"; sourceTree = "<group>"; };
		D670D175C5BC67FCBD342BD0 /* Pods_DualTests.framework */ = {isa = PBXFileReference; explicitFileType = wrapper.framework; includeInIndex = 0; path = Pods_DualTests.framework; sourceTree = BUILT_PRODUCTS_DIR; };
		E84A89F2F82F3717F7440929 /* Pods_Dual.framework */ = {isa = PBXFileReference; explicitFileType = wrapper.framework; includeInIndex = 0; path = Pods_Dual.framework; sourceTree = BUILT_PRODUCTS_DIR; };
/* End PBXFileReference section */

/* Begin PBXFrameworksBuildPhase section */
		6A6374F62518E16C0019A984 /* Frameworks */ = {
			isa = PBXFrameworksBuildPhase;
			buildActionMask = 2147483647;
			files = (
				7036350CDF3355B6639CBD1C /* Pods_Dual.framework in Frameworks */,
			);
			runOnlyForDeploymentPostprocessing = 0;
		};
		6A63750C2518E16E0019A984 /* Frameworks */ = {
			isa = PBXFrameworksBuildPhase;
			buildActionMask = 2147483647;
			files = (
				22F107ED427A9C08C59FBDF5 /* Pods_DualTests.framework in Frameworks */,
			);
			runOnlyForDeploymentPostprocessing = 0;
		};
		6A6375172518E16E0019A984 /* Frameworks */ = {
			isa = PBXFrameworksBuildPhase;
			buildActionMask = 2147483647;
			files = (
				3A0EA2F9B4D8524F750DAB49 /* Pods_Dual_DualUITests.framework in Frameworks */,
			);
			runOnlyForDeploymentPostprocessing = 0;
		};
/* End PBXFrameworksBuildPhase section */

/* Begin PBXGroup section */
		6A4077CD252959B30063F378 /* InterestedModel */ = {
			isa = PBXGroup;
			children = (
				6A4077CE252959C20063F378 /* InterestedModel.swift */,
			);
			path = InterestedModel;
			sourceTree = "<group>";
		};
		6A4077D625295E340063F378 /* InterestedCell */ = {
			isa = PBXGroup;
			children = (
				6A4077D725295E660063F378 /* InterestedCell.swift */,
			);
			path = InterestedCell;
			sourceTree = "<group>";
		};
		6A407863252A12970063F378 /* Layout */ = {
			isa = PBXGroup;
			children = (
				6A407864252A12A80063F378 /* PinterestLayout.swift */,
			);
			path = Layout;
			sourceTree = "<group>";
		};
		6A407C2B252A71520063F378 /* User */ = {
			isa = PBXGroup;
			children = (
				6A407C2C252A715D0063F378 /* User.swift */,
			);
			path = User;
			sourceTree = "<group>";
		};
		6A6374F02518E16C0019A984 = {
			isa = PBXGroup;
			children = (
				6A6374FB2518E16C0019A984 /* Dual */,
				6A6375122518E16E0019A984 /* DualTests */,
				6A63751D2518E16E0019A984 /* DualUITests */,
				6A6374FA2518E16C0019A984 /* Products */,
				E865F12582C65D7D6F9B1F4C /* Pods */,
				C8CCDE0E27767D71AF290EC9 /* Frameworks */,
			);
			sourceTree = "<group>";
		};
		6A6374FA2518E16C0019A984 /* Products */ = {
			isa = PBXGroup;
			children = (
				6A6374F92518E16C0019A984 /* Dual.app */,
				6A63750F2518E16E0019A984 /* DualTests.xctest */,
				6A63751A2518E16E0019A984 /* DualUITests.xctest */,
			);
			name = Products;
			sourceTree = "<group>";
		};
		6A6374FB2518E16C0019A984 /* Dual */ = {
			isa = PBXGroup;
			children = (
				6AC5481B2530F96A00999916 /* Utils */,
				6ABF1DC9252CBE8F00D15D27 /* SwifLoader */,
				6A407863252A12970063F378 /* Layout */,
				6A797BC22529588000EB64D3 /* VC */,
				6A769050252023F0009BFC21 /* ModView */,
				6A63AF2D251FFDFA00404554 /* Constant */,
				6A63AF2C251FFDE900404554 /* Storyboard */,
				6A63AF2B251FF64D00404554 /* DataService */,
				6A63AF2A251FF62A00404554 /* Plist */,
				6A63AF28251FF61500404554 /* Delegate */,
				6A6375052518E16D0019A984 /* Assets.xcassets */,
			);
			path = Dual;
			sourceTree = "<group>";
		};
		6A6375122518E16E0019A984 /* DualTests */ = {
			isa = PBXGroup;
			children = (
				6A6375132518E16E0019A984 /* DualTests.swift */,
				6A6375152518E16E0019A984 /* Info.plist */,
			);
			path = DualTests;
			sourceTree = "<group>";
		};
		6A63751D2518E16E0019A984 /* DualUITests */ = {
			isa = PBXGroup;
			children = (
				6A63751E2518E16E0019A984 /* DualUITests.swift */,
				6A6375202518E16E0019A984 /* Info.plist */,
			);
			path = DualUITests;
			sourceTree = "<group>";
		};
		6A63AF28251FF61500404554 /* Delegate */ = {
			isa = PBXGroup;
			children = (
				6A6374FE2518E16C0019A984 /* SceneDelegate.swift */,
				6A6374FC2518E16C0019A984 /* AppDelegate.swift */,
			);
			path = Delegate;
			sourceTree = "<group>";
		};
		6A63AF2A251FF62A00404554 /* Plist */ = {
			isa = PBXGroup;
			children = (
				6A20DC66251ADC1600E89BAE /* GoogleService-Info.plist */,
				6A63750A2518E16E0019A984 /* Info.plist */,
			);
			path = Plist;
			sourceTree = "<group>";
		};
		6A63AF2B251FF64D00404554 /* DataService */ = {
			isa = PBXGroup;
			children = (
				6A797BBD2529565500EB64D3 /* DataService.swift */,
			);
			path = DataService;
			sourceTree = "<group>";
		};
		6A63AF2C251FFDE900404554 /* Storyboard */ = {
			isa = PBXGroup;
			children = (
				6A6375072518E16D0019A984 /* LaunchScreen.storyboard */,
				6A6375022518E16C0019A984 /* Main.storyboard */,
			);
			path = Storyboard;
			sourceTree = "<group>";
		};
		6A63AF2D251FFDFA00404554 /* Constant */ = {
			isa = PBXGroup;
			children = (
				6A407C2B252A71520063F378 /* User */,
				6A40786C252A5F6A0063F378 /* Constant.swift */,
			);
			path = Constant;
			sourceTree = "<group>";
		};
		6A769050252023F0009BFC21 /* ModView */ = {
			isa = PBXGroup;
			children = (
				6A769052252023FF009BFC21 /* avatarImgRendered.swift */,
				6A76905825202400009BFC21 /* borderAvatarView.swift */,
				6A76905625202400009BFC21 /* circleView.swift */,
				6A769053252023FF009BFC21 /* Color.swift */,
				6A76905A25202401009BFC21 /* CommentTxtView.swift */,
				6A76905B25202401009BFC21 /* CustomLabel.swift */,
				6A76905C25202401009BFC21 /* defaultCardView.swift */,
				6A769051252023FF009BFC21 /* fancyBtn.swift */,
				6A76905D25202401009BFC21 /* modifiedChooseCarView.swift */,
				6A76905525202400009BFC21 /* ModifiedSearchBar.swift */,
				6A76905925202401009BFC21 /* modTxtField.swift */,
				6A76905E25202401009BFC21 /* ProfileView.swift */,
				6A76905725202400009BFC21 /* RoundedLabel.swift */,
				6A76905425202400009BFC21 /* RoundedView.swift */,
			);
			path = ModView;
			sourceTree = "<group>";
		};
		6A797BC22529588000EB64D3 /* VC */ = {
			isa = PBXGroup;
			children = (
				6ABF1DCF252CBEF400D15D27 /* Main VC */,
				6A797BC32529588800EB64D3 /* Interested VC */,
			);
			path = VC;
			sourceTree = "<group>";
		};
		6A797BC32529588800EB64D3 /* Interested VC */ = {
			isa = PBXGroup;
			children = (
				6A4077D625295E340063F378 /* InterestedCell */,
				6A4077CD252959B30063F378 /* InterestedModel */,
				6A797BC4252958A600EB64D3 /* InterestedVC.swift */,
			);
			path = "Interested VC";
			sourceTree = "<group>";
		};
		6ABF1DC9252CBE8F00D15D27 /* SwifLoader */ = {
			isa = PBXGroup;
			children = (
				6ABF1DCA252CBEAC00D15D27 /* SwiftLoader.swift */,
			);
			path = SwifLoader;
			sourceTree = "<group>";
		};
		6ABF1DCF252CBEF400D15D27 /* Main VC */ = {
			isa = PBXGroup;
			children = (
				6AD7CEAC252E678300E326F0 /* AddVC */,
				6ABF1DD0252CBF1300D15D27 /* HomePageVC */,
			);
			path = "Main VC";
			sourceTree = "<group>";
		};
		6ABF1DD0252CBF1300D15D27 /* HomePageVC */ = {
			isa = PBXGroup;
			children = (
				6ABF1DD4252CECFF00D15D27 /* HomePageVC.swift */,
			);
			path = HomePageVC;
			sourceTree = "<group>";
		};
		6AC5481B2530F96A00999916 /* Utils */ = {
			isa = PBXGroup;
			children = (
				6A1187B22532143F00494E0C /* MainAPIClient.swift */,
				6AC5481C2530F98C00999916 /* Session+TypeAlias.swift */,
				6A1187E82534A2BF00494E0C /* DispatchQueue+Extensions.swift */,
			);
			path = Utils;
			sourceTree = "<group>";
		};
		6AD7CEAC252E678300E326F0 /* AddVC */ = {
			isa = PBXGroup;
			children = (
				6AD7CEC4252E93BE00E326F0 /* HighlightVC */,
				6AD7CEB6252E691400E326F0 /* AddModel */,
				6AD7CEB5252E690800E326F0 /* AddCell */,
				6AD7CEAD252E67A900E326F0 /* AddVC.swift */,
			);
			path = AddVC;
			sourceTree = "<group>";
		};
		6AD7CEB5252E690800E326F0 /* AddCell */ = {
			isa = PBXGroup;
			children = (
				6AD7CEBF252E693D00E326F0 /* AddCell.swift */,
			);
			path = AddCell;
			sourceTree = "<group>";
		};
		6AD7CEB6252E691400E326F0 /* AddModel */ = {
			isa = PBXGroup;
			children = (
				6AD7CEB7252E692500E326F0 /* AddModel.swift */,
			);
			path = AddModel;
			sourceTree = "<group>";
		};
		6AD7CEC4252E93BE00E326F0 /* HighlightVC */ = {
			isa = PBXGroup;
			children = (
				6AD7CEC5252E93D700E326F0 /* HighlightVC.swift */,
			);
			path = HighlightVC;
			sourceTree = "<group>";
		};
		C8CCDE0E27767D71AF290EC9 /* Frameworks */ = {
			isa = PBXGroup;
			children = (
				E84A89F2F82F3717F7440929 /* Pods_Dual.framework */,
				1A2DDEC341D2E94BE62C34D0 /* Pods_Dual_DualUITests.framework */,
				D670D175C5BC67FCBD342BD0 /* Pods_DualTests.framework */,
			);
			name = Frameworks;
			sourceTree = "<group>";
		};
		E865F12582C65D7D6F9B1F4C /* Pods */ = {
			isa = PBXGroup;
			children = (
				7650EE90A8BB25140C57FFCE /* Pods-Dual.debug.xcconfig */,
				D0587FDFB96A1D14CAA1CDD0 /* Pods-Dual.release.xcconfig */,
				B0FB5BC1CBE42F6B82AFA481 /* Pods-Dual-DualUITests.debug.xcconfig */,
				25939E169FCFB738546AA479 /* Pods-Dual-DualUITests.release.xcconfig */,
				49285731ECDE80F93DA966F4 /* Pods-DualTests.debug.xcconfig */,
				08075EFC711911ACB2671BE8 /* Pods-DualTests.release.xcconfig */,
			);
			path = Pods;
			sourceTree = "<group>";
		};
/* End PBXGroup section */

/* Begin PBXNativeTarget section */
		6A6374F82518E16C0019A984 /* Dual */ = {
			isa = PBXNativeTarget;
			buildConfigurationList = 6A6375232518E16E0019A984 /* Build configuration list for PBXNativeTarget "Dual" */;
			buildPhases = (
				13A22DBF97A0C67C50E53A3E /* [CP] Check Pods Manifest.lock */,
				3B1B24E8A62A5DE863A8352F /* [CP] Prepare Artifacts */,
				6A6374F52518E16C0019A984 /* Sources */,
				6A6374F62518E16C0019A984 /* Frameworks */,
				6A6374F72518E16C0019A984 /* Resources */,
				D373E835FE4A4EA2C33B2175 /* [CP] Embed Pods Frameworks */,
			);
			buildRules = (
			);
			dependencies = (
			);
			name = Dual;
			productName = Dual;
			productReference = 6A6374F92518E16C0019A984 /* Dual.app */;
			productType = "com.apple.product-type.application";
		};
		6A63750E2518E16E0019A984 /* DualTests */ = {
			isa = PBXNativeTarget;
			buildConfigurationList = 6A6375262518E16E0019A984 /* Build configuration list for PBXNativeTarget "DualTests" */;
			buildPhases = (
				7211803826045920042C39E4 /* [CP] Check Pods Manifest.lock */,
				6A63750B2518E16E0019A984 /* Sources */,
				6A63750C2518E16E0019A984 /* Frameworks */,
				6A63750D2518E16E0019A984 /* Resources */,
			);
			buildRules = (
			);
			dependencies = (
				6A6375112518E16E0019A984 /* PBXTargetDependency */,
			);
			name = DualTests;
			productName = DualTests;
			productReference = 6A63750F2518E16E0019A984 /* DualTests.xctest */;
			productType = "com.apple.product-type.bundle.unit-test";
		};
		6A6375192518E16E0019A984 /* DualUITests */ = {
			isa = PBXNativeTarget;
			buildConfigurationList = 6A6375292518E16E0019A984 /* Build configuration list for PBXNativeTarget "DualUITests" */;
			buildPhases = (
				A73CCFD6B6A724B0623DEF50 /* [CP] Check Pods Manifest.lock */,
				31055698B15F791FD93010C9 /* [CP] Prepare Artifacts */,
				6A6375162518E16E0019A984 /* Sources */,
				6A6375172518E16E0019A984 /* Frameworks */,
				6A6375182518E16E0019A984 /* Resources */,
				59767E7E02FCBB4F676B31D5 /* [CP] Embed Pods Frameworks */,
			);
			buildRules = (
			);
			dependencies = (
				6A63751C2518E16E0019A984 /* PBXTargetDependency */,
			);
			name = DualUITests;
			productName = DualUITests;
			productReference = 6A63751A2518E16E0019A984 /* DualUITests.xctest */;
			productType = "com.apple.product-type.bundle.ui-testing";
		};
/* End PBXNativeTarget section */

/* Begin PBXProject section */
		6A6374F12518E16C0019A984 /* Project object */ = {
			isa = PBXProject;
			attributes = {
				LastSwiftUpdateCheck = 1200;
				LastUpgradeCheck = 1200;
				TargetAttributes = {
					6A6374F82518E16C0019A984 = {
						CreatedOnToolsVersion = 12.0;
					};
					6A63750E2518E16E0019A984 = {
						CreatedOnToolsVersion = 12.0;
						TestTargetID = 6A6374F82518E16C0019A984;
					};
					6A6375192518E16E0019A984 = {
						CreatedOnToolsVersion = 12.0;
						TestTargetID = 6A6374F82518E16C0019A984;
					};
				};
			};
			buildConfigurationList = 6A6374F42518E16C0019A984 /* Build configuration list for PBXProject "Dual" */;
			compatibilityVersion = "Xcode 9.3";
			developmentRegion = en;
			hasScannedForEncodings = 0;
			knownRegions = (
				en,
				Base,
			);
			mainGroup = 6A6374F02518E16C0019A984;
			productRefGroup = 6A6374FA2518E16C0019A984 /* Products */;
			projectDirPath = "";
			projectRoot = "";
			targets = (
				6A6374F82518E16C0019A984 /* Dual */,
				6A63750E2518E16E0019A984 /* DualTests */,
				6A6375192518E16E0019A984 /* DualUITests */,
			);
		};
/* End PBXProject section */

/* Begin PBXResourcesBuildPhase section */
		6A6374F72518E16C0019A984 /* Resources */ = {
			isa = PBXResourcesBuildPhase;
			buildActionMask = 2147483647;
			files = (
				6A6375092518E16E0019A984 /* LaunchScreen.storyboard in Resources */,
				6A20DC67251ADC1600E89BAE /* GoogleService-Info.plist in Resources */,
				6A6375062518E16D0019A984 /* Assets.xcassets in Resources */,
				6A6375042518E16C0019A984 /* Main.storyboard in Resources */,
			);
			runOnlyForDeploymentPostprocessing = 0;
		};
		6A63750D2518E16E0019A984 /* Resources */ = {
			isa = PBXResourcesBuildPhase;
			buildActionMask = 2147483647;
			files = (
			);
			runOnlyForDeploymentPostprocessing = 0;
		};
		6A6375182518E16E0019A984 /* Resources */ = {
			isa = PBXResourcesBuildPhase;
			buildActionMask = 2147483647;
			files = (
			);
			runOnlyForDeploymentPostprocessing = 0;
		};
/* End PBXResourcesBuildPhase section */

/* Begin PBXShellScriptBuildPhase section */
		13A22DBF97A0C67C50E53A3E /* [CP] Check Pods Manifest.lock */ = {
			isa = PBXShellScriptBuildPhase;
			buildActionMask = 2147483647;
			files = (
			);
			inputFileListPaths = (
			);
			inputPaths = (
				"${PODS_PODFILE_DIR_PATH}/Podfile.lock",
				"${PODS_ROOT}/Manifest.lock",
			);
			name = "[CP] Check Pods Manifest.lock";
			outputFileListPaths = (
			);
			outputPaths = (
				"$(DERIVED_FILE_DIR)/Pods-Dual-checkManifestLockResult.txt",
			);
			runOnlyForDeploymentPostprocessing = 0;
			shellPath = /bin/sh;
			shellScript = "diff \"${PODS_PODFILE_DIR_PATH}/Podfile.lock\" \"${PODS_ROOT}/Manifest.lock\" > /dev/null\nif [ $? != 0 ] ; then\n    # print error to STDERR\n    echo \"error: The sandbox is not in sync with the Podfile.lock. Run 'pod install' or update your CocoaPods installation.\" >&2\n    exit 1\nfi\n# This output is used by Xcode 'outputs' to avoid re-running this script phase.\necho \"SUCCESS\" > \"${SCRIPT_OUTPUT_FILE_0}\"\n";
			showEnvVarsInLog = 0;
		};
		31055698B15F791FD93010C9 /* [CP] Prepare Artifacts */ = {
			isa = PBXShellScriptBuildPhase;
			buildActionMask = 2147483647;
			files = (
			);
			inputFileListPaths = (
				"${PODS_ROOT}/Target Support Files/Pods-Dual-DualUITests/Pods-Dual-DualUITests-artifacts-${CONFIGURATION}-input-files.xcfilelist",
			);
			name = "[CP] Prepare Artifacts";
			outputFileListPaths = (
				"${PODS_ROOT}/Target Support Files/Pods-Dual-DualUITests/Pods-Dual-DualUITests-artifacts-${CONFIGURATION}-output-files.xcfilelist",
			);
			runOnlyForDeploymentPostprocessing = 0;
			shellPath = /bin/sh;
			shellScript = "\"${PODS_ROOT}/Target Support Files/Pods-Dual-DualUITests/Pods-Dual-DualUITests-artifacts.sh\"\n";
			showEnvVarsInLog = 0;
		};
		3B1B24E8A62A5DE863A8352F /* [CP] Prepare Artifacts */ = {
			isa = PBXShellScriptBuildPhase;
			buildActionMask = 2147483647;
			files = (
			);
			inputFileListPaths = (
				"${PODS_ROOT}/Target Support Files/Pods-Dual/Pods-Dual-artifacts-${CONFIGURATION}-input-files.xcfilelist",
			);
			name = "[CP] Prepare Artifacts";
			outputFileListPaths = (
				"${PODS_ROOT}/Target Support Files/Pods-Dual/Pods-Dual-artifacts-${CONFIGURATION}-output-files.xcfilelist",
			);
			runOnlyForDeploymentPostprocessing = 0;
			shellPath = /bin/sh;
			shellScript = "\"${PODS_ROOT}/Target Support Files/Pods-Dual/Pods-Dual-artifacts.sh\"\n";
			showEnvVarsInLog = 0;
		};
		59767E7E02FCBB4F676B31D5 /* [CP] Embed Pods Frameworks */ = {
			isa = PBXShellScriptBuildPhase;
			buildActionMask = 2147483647;
			files = (
			);
			inputFileListPaths = (
				"${PODS_ROOT}/Target Support Files/Pods-Dual-DualUITests/Pods-Dual-DualUITests-frameworks-${CONFIGURATION}-input-files.xcfilelist",
			);
			name = "[CP] Embed Pods Frameworks";
			outputFileListPaths = (
				"${PODS_ROOT}/Target Support Files/Pods-Dual-DualUITests/Pods-Dual-DualUITests-frameworks-${CONFIGURATION}-output-files.xcfilelist",
			);
			runOnlyForDeploymentPostprocessing = 0;
			shellPath = /bin/sh;
			shellScript = "\"${PODS_ROOT}/Target Support Files/Pods-Dual-DualUITests/Pods-Dual-DualUITests-frameworks.sh\"\n";
			showEnvVarsInLog = 0;
		};
		7211803826045920042C39E4 /* [CP] Check Pods Manifest.lock */ = {
			isa = PBXShellScriptBuildPhase;
			buildActionMask = 2147483647;
			files = (
			);
			inputFileListPaths = (
			);
			inputPaths = (
				"${PODS_PODFILE_DIR_PATH}/Podfile.lock",
				"${PODS_ROOT}/Manifest.lock",
			);
			name = "[CP] Check Pods Manifest.lock";
			outputFileListPaths = (
			);
			outputPaths = (
				"$(DERIVED_FILE_DIR)/Pods-DualTests-checkManifestLockResult.txt",
			);
			runOnlyForDeploymentPostprocessing = 0;
			shellPath = /bin/sh;
			shellScript = "diff \"${PODS_PODFILE_DIR_PATH}/Podfile.lock\" \"${PODS_ROOT}/Manifest.lock\" > /dev/null\nif [ $? != 0 ] ; then\n    # print error to STDERR\n    echo \"error: The sandbox is not in sync with the Podfile.lock. Run 'pod install' or update your CocoaPods installation.\" >&2\n    exit 1\nfi\n# This output is used by Xcode 'outputs' to avoid re-running this script phase.\necho \"SUCCESS\" > \"${SCRIPT_OUTPUT_FILE_0}\"\n";
			showEnvVarsInLog = 0;
		};
		A73CCFD6B6A724B0623DEF50 /* [CP] Check Pods Manifest.lock */ = {
			isa = PBXShellScriptBuildPhase;
			buildActionMask = 2147483647;
			files = (
			);
			inputFileListPaths = (
			);
			inputPaths = (
				"${PODS_PODFILE_DIR_PATH}/Podfile.lock",
				"${PODS_ROOT}/Manifest.lock",
			);
			name = "[CP] Check Pods Manifest.lock";
			outputFileListPaths = (
			);
			outputPaths = (
				"$(DERIVED_FILE_DIR)/Pods-Dual-DualUITests-checkManifestLockResult.txt",
			);
			runOnlyForDeploymentPostprocessing = 0;
			shellPath = /bin/sh;
			shellScript = "diff \"${PODS_PODFILE_DIR_PATH}/Podfile.lock\" \"${PODS_ROOT}/Manifest.lock\" > /dev/null\nif [ $? != 0 ] ; then\n    # print error to STDERR\n    echo \"error: The sandbox is not in sync with the Podfile.lock. Run 'pod install' or update your CocoaPods installation.\" >&2\n    exit 1\nfi\n# This output is used by Xcode 'outputs' to avoid re-running this script phase.\necho \"SUCCESS\" > \"${SCRIPT_OUTPUT_FILE_0}\"\n";
			showEnvVarsInLog = 0;
		};
		D373E835FE4A4EA2C33B2175 /* [CP] Embed Pods Frameworks */ = {
			isa = PBXShellScriptBuildPhase;
			buildActionMask = 2147483647;
			files = (
			);
			inputFileListPaths = (
				"${PODS_ROOT}/Target Support Files/Pods-Dual/Pods-Dual-frameworks-${CONFIGURATION}-input-files.xcfilelist",
			);
			name = "[CP] Embed Pods Frameworks";
			outputFileListPaths = (
				"${PODS_ROOT}/Target Support Files/Pods-Dual/Pods-Dual-frameworks-${CONFIGURATION}-output-files.xcfilelist",
			);
			runOnlyForDeploymentPostprocessing = 0;
			shellPath = /bin/sh;
			shellScript = "\"${PODS_ROOT}/Target Support Files/Pods-Dual/Pods-Dual-frameworks.sh\"\n";
			showEnvVarsInLog = 0;
		};
/* End PBXShellScriptBuildPhase section */

/* Begin PBXSourcesBuildPhase section */
		6A6374F52518E16C0019A984 /* Sources */ = {
			isa = PBXSourcesBuildPhase;
			buildActionMask = 2147483647;
			files = (
				6ABF1DCB252CBEAD00D15D27 /* SwiftLoader.swift in Sources */,
				6A4077CF252959C20063F378 /* InterestedModel.swift in Sources */,
				6A76906725202402009BFC21 /* modTxtField.swift in Sources */,
				6AD7CEB8252E692500E326F0 /* AddModel.swift in Sources */,
				6A6374FD2518E16C0019A984 /* AppDelegate.swift in Sources */,
				6AC5481D2530F98C00999916 /* Session+TypeAlias.swift in Sources */,
				6A1187B32532143F00494E0C /* MainAPIClient.swift in Sources */,
				6AD7CEC0252E693D00E326F0 /* AddCell.swift in Sources */,
				6A76906925202402009BFC21 /* CustomLabel.swift in Sources */,
				6A1187E92534A2BF00494E0C /* DispatchQueue+Extensions.swift in Sources */,
				6A76906225202402009BFC21 /* RoundedView.swift in Sources */,
				6A76906825202402009BFC21 /* CommentTxtView.swift in Sources */,
				6A76906025202401009BFC21 /* avatarImgRendered.swift in Sources */,
				6A76906425202402009BFC21 /* circleView.swift in Sources */,
				6A76906625202402009BFC21 /* borderAvatarView.swift in Sources */,
				6A40786D252A5F6A0063F378 /* Constant.swift in Sources */,
				6A4077D825295E660063F378 /* InterestedCell.swift in Sources */,
				6A797BBE2529565500EB64D3 /* DataService.swift in Sources */,
				6A76906C25202402009BFC21 /* ProfileView.swift in Sources */,
				6A797BC5252958A600EB64D3 /* InterestedVC.swift in Sources */,
				6A76906B25202402009BFC21 /* modifiedChooseCarView.swift in Sources */,
				6A76906A25202402009BFC21 /* defaultCardView.swift in Sources */,
				6A76905F25202401009BFC21 /* fancyBtn.swift in Sources */,
				6A76906525202402009BFC21 /* RoundedLabel.swift in Sources */,
				6AD7CEC6252E93D700E326F0 /* HighlightVC.swift in Sources */,
				6A407865252A12A80063F378 /* PinterestLayout.swift in Sources */,
				6AD7CEAE252E67A900E326F0 /* AddVC.swift in Sources */,
				6ABF1DD5252CECFF00D15D27 /* HomePageVC.swift in Sources */,
				6A407C2D252A715D0063F378 /* User.swift in Sources */,
				6A6374FF2518E16C0019A984 /* SceneDelegate.swift in Sources */,
				6A76906325202402009BFC21 /* ModifiedSearchBar.swift in Sources */,
				6A76906125202401009BFC21 /* Color.swift in Sources */,
			);
			runOnlyForDeploymentPostprocessing = 0;
		};
		6A63750B2518E16E0019A984 /* Sources */ = {
			isa = PBXSourcesBuildPhase;
			buildActionMask = 2147483647;
			files = (
				6A6375142518E16E0019A984 /* DualTests.swift in Sources */,
			);
			runOnlyForDeploymentPostprocessing = 0;
		};
		6A6375162518E16E0019A984 /* Sources */ = {
			isa = PBXSourcesBuildPhase;
			buildActionMask = 2147483647;
			files = (
				6A63751F2518E16E0019A984 /* DualUITests.swift in Sources */,
			);
			runOnlyForDeploymentPostprocessing = 0;
		};
/* End PBXSourcesBuildPhase section */

/* Begin PBXTargetDependency section */
		6A6375112518E16E0019A984 /* PBXTargetDependency */ = {
			isa = PBXTargetDependency;
			target = 6A6374F82518E16C0019A984 /* Dual */;
			targetProxy = 6A6375102518E16E0019A984 /* PBXContainerItemProxy */;
		};
		6A63751C2518E16E0019A984 /* PBXTargetDependency */ = {
			isa = PBXTargetDependency;
			target = 6A6374F82518E16C0019A984 /* Dual */;
			targetProxy = 6A63751B2518E16E0019A984 /* PBXContainerItemProxy */;
		};
/* End PBXTargetDependency section */

/* Begin PBXVariantGroup section */
		6A6375022518E16C0019A984 /* Main.storyboard */ = {
			isa = PBXVariantGroup;
			children = (
				6A6375032518E16C0019A984 /* Base */,
			);
			name = Main.storyboard;
			sourceTree = "<group>";
		};
		6A6375072518E16D0019A984 /* LaunchScreen.storyboard */ = {
			isa = PBXVariantGroup;
			children = (
				6A6375082518E16E0019A984 /* Base */,
			);
			name = LaunchScreen.storyboard;
			sourceTree = "<group>";
		};
/* End PBXVariantGroup section */

/* Begin XCBuildConfiguration section */
		6A6375212518E16E0019A984 /* Debug */ = {
			isa = XCBuildConfiguration;
			buildSettings = {
				ALWAYS_SEARCH_USER_PATHS = NO;
				CLANG_ANALYZER_NONNULL = YES;
				CLANG_ANALYZER_NUMBER_OBJECT_CONVERSION = YES_AGGRESSIVE;
				CLANG_CXX_LANGUAGE_STANDARD = "gnu++14";
				CLANG_CXX_LIBRARY = "libc++";
				CLANG_ENABLE_MODULES = YES;
				CLANG_ENABLE_OBJC_ARC = YES;
				CLANG_ENABLE_OBJC_WEAK = YES;
				CLANG_WARN_BLOCK_CAPTURE_AUTORELEASING = YES;
				CLANG_WARN_BOOL_CONVERSION = YES;
				CLANG_WARN_COMMA = YES;
				CLANG_WARN_CONSTANT_CONVERSION = YES;
				CLANG_WARN_DEPRECATED_OBJC_IMPLEMENTATIONS = YES;
				CLANG_WARN_DIRECT_OBJC_ISA_USAGE = YES_ERROR;
				CLANG_WARN_DOCUMENTATION_COMMENTS = YES;
				CLANG_WARN_EMPTY_BODY = YES;
				CLANG_WARN_ENUM_CONVERSION = YES;
				CLANG_WARN_INFINITE_RECURSION = YES;
				CLANG_WARN_INT_CONVERSION = YES;
				CLANG_WARN_NON_LITERAL_NULL_CONVERSION = YES;
				CLANG_WARN_OBJC_IMPLICIT_RETAIN_SELF = YES;
				CLANG_WARN_OBJC_LITERAL_CONVERSION = YES;
				CLANG_WARN_OBJC_ROOT_CLASS = YES_ERROR;
				CLANG_WARN_QUOTED_INCLUDE_IN_FRAMEWORK_HEADER = YES;
				CLANG_WARN_RANGE_LOOP_ANALYSIS = YES;
				CLANG_WARN_STRICT_PROTOTYPES = YES;
				CLANG_WARN_SUSPICIOUS_MOVE = YES;
				CLANG_WARN_UNGUARDED_AVAILABILITY = YES_AGGRESSIVE;
				CLANG_WARN_UNREACHABLE_CODE = YES;
				CLANG_WARN__DUPLICATE_METHOD_MATCH = YES;
				COPY_PHASE_STRIP = NO;
				DEBUG_INFORMATION_FORMAT = dwarf;
				ENABLE_STRICT_OBJC_MSGSEND = YES;
				ENABLE_TESTABILITY = YES;
				GCC_C_LANGUAGE_STANDARD = gnu11;
				GCC_DYNAMIC_NO_PIC = NO;
				GCC_NO_COMMON_BLOCKS = YES;
				GCC_OPTIMIZATION_LEVEL = 0;
				GCC_PREPROCESSOR_DEFINITIONS = (
					"DEBUG=1",
					"$(inherited)",
				);
				GCC_WARN_64_TO_32_BIT_CONVERSION = YES;
				GCC_WARN_ABOUT_RETURN_TYPE = YES_ERROR;
				GCC_WARN_UNDECLARED_SELECTOR = YES;
				GCC_WARN_UNINITIALIZED_AUTOS = YES_AGGRESSIVE;
				GCC_WARN_UNUSED_FUNCTION = YES;
				GCC_WARN_UNUSED_VARIABLE = YES;
				IPHONEOS_DEPLOYMENT_TARGET = 11.0;
				MTL_ENABLE_DEBUG_INFO = INCLUDE_SOURCE;
				MTL_FAST_MATH = YES;
				ONLY_ACTIVE_ARCH = YES;
				SDKROOT = iphoneos;
				SWIFT_ACTIVE_COMPILATION_CONDITIONS = DEBUG;
				SWIFT_OPTIMIZATION_LEVEL = "-Onone";
			};
			name = Debug;
		};
		6A6375222518E16E0019A984 /* Release */ = {
			isa = XCBuildConfiguration;
			buildSettings = {
				ALWAYS_SEARCH_USER_PATHS = NO;
				CLANG_ANALYZER_NONNULL = YES;
				CLANG_ANALYZER_NUMBER_OBJECT_CONVERSION = YES_AGGRESSIVE;
				CLANG_CXX_LANGUAGE_STANDARD = "gnu++14";
				CLANG_CXX_LIBRARY = "libc++";
				CLANG_ENABLE_MODULES = YES;
				CLANG_ENABLE_OBJC_ARC = YES;
				CLANG_ENABLE_OBJC_WEAK = YES;
				CLANG_WARN_BLOCK_CAPTURE_AUTORELEASING = YES;
				CLANG_WARN_BOOL_CONVERSION = YES;
				CLANG_WARN_COMMA = YES;
				CLANG_WARN_CONSTANT_CONVERSION = YES;
				CLANG_WARN_DEPRECATED_OBJC_IMPLEMENTATIONS = YES;
				CLANG_WARN_DIRECT_OBJC_ISA_USAGE = YES_ERROR;
				CLANG_WARN_DOCUMENTATION_COMMENTS = YES;
				CLANG_WARN_EMPTY_BODY = YES;
				CLANG_WARN_ENUM_CONVERSION = YES;
				CLANG_WARN_INFINITE_RECURSION = YES;
				CLANG_WARN_INT_CONVERSION = YES;
				CLANG_WARN_NON_LITERAL_NULL_CONVERSION = YES;
				CLANG_WARN_OBJC_IMPLICIT_RETAIN_SELF = YES;
				CLANG_WARN_OBJC_LITERAL_CONVERSION = YES;
				CLANG_WARN_OBJC_ROOT_CLASS = YES_ERROR;
				CLANG_WARN_QUOTED_INCLUDE_IN_FRAMEWORK_HEADER = YES;
				CLANG_WARN_RANGE_LOOP_ANALYSIS = YES;
				CLANG_WARN_STRICT_PROTOTYPES = YES;
				CLANG_WARN_SUSPICIOUS_MOVE = YES;
				CLANG_WARN_UNGUARDED_AVAILABILITY = YES_AGGRESSIVE;
				CLANG_WARN_UNREACHABLE_CODE = YES;
				CLANG_WARN__DUPLICATE_METHOD_MATCH = YES;
				COPY_PHASE_STRIP = NO;
				DEBUG_INFORMATION_FORMAT = "dwarf-with-dsym";
				ENABLE_NS_ASSERTIONS = NO;
				ENABLE_STRICT_OBJC_MSGSEND = YES;
				GCC_C_LANGUAGE_STANDARD = gnu11;
				GCC_NO_COMMON_BLOCKS = YES;
				GCC_WARN_64_TO_32_BIT_CONVERSION = YES;
				GCC_WARN_ABOUT_RETURN_TYPE = YES_ERROR;
				GCC_WARN_UNDECLARED_SELECTOR = YES;
				GCC_WARN_UNINITIALIZED_AUTOS = YES_AGGRESSIVE;
				GCC_WARN_UNUSED_FUNCTION = YES;
				GCC_WARN_UNUSED_VARIABLE = YES;
				IPHONEOS_DEPLOYMENT_TARGET = 11.0;
				MTL_ENABLE_DEBUG_INFO = NO;
				MTL_FAST_MATH = YES;
				SDKROOT = iphoneos;
				SWIFT_COMPILATION_MODE = wholemodule;
				SWIFT_OPTIMIZATION_LEVEL = "-O";
				VALIDATE_PRODUCT = YES;
			};
			name = Release;
		};
		6A6375242518E16E0019A984 /* Debug */ = {
			isa = XCBuildConfiguration;
			baseConfigurationReference = 7650EE90A8BB25140C57FFCE /* Pods-Dual.debug.xcconfig */;
			buildSettings = {
				ASSETCATALOG_COMPILER_APPICON_NAME = AppIcon;
				ASSETCATALOG_COMPILER_GLOBAL_ACCENT_COLOR_NAME = AccentColor;
				CODE_SIGN_STYLE = Automatic;
				DEVELOPMENT_TEAM = LXVXS9V5X7;
				INFOPLIST_FILE = Dual/Plist/Info.plist;
				LD_RUNPATH_SEARCH_PATHS = (
					"$(inherited)",
					"@executable_path/Frameworks",
				);
				PRODUCT_BUNDLE_IDENTIFIER = Dual.LLC.Dual;
				PRODUCT_NAME = "$(TARGET_NAME)";
				SWIFT_VERSION = 5.0;
				TARGETED_DEVICE_FAMILY = 1;
			};
			name = Debug;
		};
		6A6375252518E16E0019A984 /* Release */ = {
			isa = XCBuildConfiguration;
			baseConfigurationReference = D0587FDFB96A1D14CAA1CDD0 /* Pods-Dual.release.xcconfig */;
			buildSettings = {
				ASSETCATALOG_COMPILER_APPICON_NAME = AppIcon;
				ASSETCATALOG_COMPILER_GLOBAL_ACCENT_COLOR_NAME = AccentColor;
				CODE_SIGN_STYLE = Automatic;
				DEVELOPMENT_TEAM = LXVXS9V5X7;
				INFOPLIST_FILE = Dual/Plist/Info.plist;
				LD_RUNPATH_SEARCH_PATHS = (
					"$(inherited)",
					"@executable_path/Frameworks",
				);
				PRODUCT_BUNDLE_IDENTIFIER = Dual.LLC.Dual;
				PRODUCT_NAME = "$(TARGET_NAME)";
				SWIFT_VERSION = 5.0;
				TARGETED_DEVICE_FAMILY = 1;
			};
			name = Release;
		};
		6A6375272518E16E0019A984 /* Debug */ = {
			isa = XCBuildConfiguration;
			baseConfigurationReference = 49285731ECDE80F93DA966F4 /* Pods-DualTests.debug.xcconfig */;
			buildSettings = {
				ALWAYS_EMBED_SWIFT_STANDARD_LIBRARIES = YES;
				BUNDLE_LOADER = "$(TEST_HOST)";
				CODE_SIGN_STYLE = Automatic;
				DEVELOPMENT_TEAM = LXVXS9V5X7;
				INFOPLIST_FILE = DualTests/Info.plist;
				IPHONEOS_DEPLOYMENT_TARGET = 14.0;
				LD_RUNPATH_SEARCH_PATHS = (
					"$(inherited)",
					"@executable_path/Frameworks",
					"@loader_path/Frameworks",
				);
				PRODUCT_BUNDLE_IDENTIFIER = Dual.LLC.DualTests;
				PRODUCT_NAME = "$(TARGET_NAME)";
				SWIFT_VERSION = 5.0;
				TARGETED_DEVICE_FAMILY = "1,2";
				TEST_HOST = "$(BUILT_PRODUCTS_DIR)/Dual.app/Dual";
			};
			name = Debug;
		};
		6A6375282518E16E0019A984 /* Release */ = {
			isa = XCBuildConfiguration;
			baseConfigurationReference = 08075EFC711911ACB2671BE8 /* Pods-DualTests.release.xcconfig */;
			buildSettings = {
				ALWAYS_EMBED_SWIFT_STANDARD_LIBRARIES = YES;
				BUNDLE_LOADER = "$(TEST_HOST)";
				CODE_SIGN_STYLE = Automatic;
				DEVELOPMENT_TEAM = LXVXS9V5X7;
				INFOPLIST_FILE = DualTests/Info.plist;
				IPHONEOS_DEPLOYMENT_TARGET = 14.0;
				LD_RUNPATH_SEARCH_PATHS = (
					"$(inherited)",
					"@executable_path/Frameworks",
					"@loader_path/Frameworks",
				);
				PRODUCT_BUNDLE_IDENTIFIER = Dual.LLC.DualTests;
				PRODUCT_NAME = "$(TARGET_NAME)";
				SWIFT_VERSION = 5.0;
				TARGETED_DEVICE_FAMILY = "1,2";
				TEST_HOST = "$(BUILT_PRODUCTS_DIR)/Dual.app/Dual";
			};
			name = Release;
		};
		6A63752A2518E16E0019A984 /* Debug */ = {
			isa = XCBuildConfiguration;
			baseConfigurationReference = B0FB5BC1CBE42F6B82AFA481 /* Pods-Dual-DualUITests.debug.xcconfig */;
			buildSettings = {
				ALWAYS_EMBED_SWIFT_STANDARD_LIBRARIES = YES;
				CODE_SIGN_STYLE = Automatic;
				DEVELOPMENT_TEAM = LXVXS9V5X7;
				INFOPLIST_FILE = DualUITests/Info.plist;
				LD_RUNPATH_SEARCH_PATHS = (
					"$(inherited)",
					"@executable_path/Frameworks",
					"@loader_path/Frameworks",
				);
				PRODUCT_BUNDLE_IDENTIFIER = Dual.LLC.DualUITests;
				PRODUCT_NAME = "$(TARGET_NAME)";
				SWIFT_VERSION = 5.0;
				TARGETED_DEVICE_FAMILY = "1,2";
				TEST_TARGET_NAME = Dual;
			};
			name = Debug;
		};
		6A63752B2518E16E0019A984 /* Release */ = {
			isa = XCBuildConfiguration;
			baseConfigurationReference = 25939E169FCFB738546AA479 /* Pods-Dual-DualUITests.release.xcconfig */;
			buildSettings = {
				ALWAYS_EMBED_SWIFT_STANDARD_LIBRARIES = YES;
				CODE_SIGN_STYLE = Automatic;
				DEVELOPMENT_TEAM = LXVXS9V5X7;
				INFOPLIST_FILE = DualUITests/Info.plist;
				LD_RUNPATH_SEARCH_PATHS = (
					"$(inherited)",
					"@executable_path/Frameworks",
					"@loader_path/Frameworks",
				);
				PRODUCT_BUNDLE_IDENTIFIER = Dual.LLC.DualUITests;
				PRODUCT_NAME = "$(TARGET_NAME)";
				SWIFT_VERSION = 5.0;
				TARGETED_DEVICE_FAMILY = "1,2";
				TEST_TARGET_NAME = Dual;
			};
			name = Release;
		};
/* End XCBuildConfiguration section */

/* Begin XCConfigurationList section */
		6A6374F42518E16C0019A984 /* Build configuration list for PBXProject "Dual" */ = {
			isa = XCConfigurationList;
			buildConfigurations = (
				6A6375212518E16E0019A984 /* Debug */,
				6A6375222518E16E0019A984 /* Release */,
			);
			defaultConfigurationIsVisible = 0;
			defaultConfigurationName = Release;
		};
		6A6375232518E16E0019A984 /* Build configuration list for PBXNativeTarget "Dual" */ = {
			isa = XCConfigurationList;
			buildConfigurations = (
				6A6375242518E16E0019A984 /* Debug */,
				6A6375252518E16E0019A984 /* Release */,
			);
			defaultConfigurationIsVisible = 0;
			defaultConfigurationName = Release;
		};
		6A6375262518E16E0019A984 /* Build configuration list for PBXNativeTarget "DualTests" */ = {
			isa = XCConfigurationList;
			buildConfigurations = (
				6A6375272518E16E0019A984 /* Debug */,
				6A6375282518E16E0019A984 /* Release */,
			);
			defaultConfigurationIsVisible = 0;
			defaultConfigurationName = Release;
		};
		6A6375292518E16E0019A984 /* Build configuration list for PBXNativeTarget "DualUITests" */ = {
			isa = XCConfigurationList;
			buildConfigurations = (
				6A63752A2518E16E0019A984 /* Debug */,
				6A63752B2518E16E0019A984 /* Release */,
			);
			defaultConfigurationIsVisible = 0;
			defaultConfigurationName = Release;
		};
/* End XCConfigurationList section */
	};
	rootObject = 6A6374F12518E16C0019A984 /* Project object */;
}
